// !$*UTF8*$!
{
	archiveVersion = 1;
	classes = {
	};
	objectVersion = 56;
	objects = {

/* Begin PBXBuildFile section */
		38D7F7CE29A42ED0009E0A6A /* MeuAtelieAppApp.swift in Sources */ = {isa = PBXBuildFile; fileRef = 38D7F7CD29A42ED0009E0A6A /* MeuAtelieAppApp.swift */; };
		38D7F7D029A42ED0009E0A6A /* ContentView.swift in Sources */ = {isa = PBXBuildFile; fileRef = 38D7F7CF29A42ED0009E0A6A /* ContentView.swift */; };
		38D7F7D229A42ED2009E0A6A /* Assets.xcassets in Resources */ = {isa = PBXBuildFile; fileRef = 38D7F7D129A42ED2009E0A6A /* Assets.xcassets */; };
		38D7F7D529A42ED2009E0A6A /* Preview Assets.xcassets in Resources */ = {isa = PBXBuildFile; fileRef = 38D7F7D429A42ED2009E0A6A /* Preview Assets.xcassets */; };
		38D7F7DF29A42ED2009E0A6A /* MeuAtelieAppTests.swift in Sources */ = {isa = PBXBuildFile; fileRef = 38D7F7DE29A42ED2009E0A6A /* MeuAtelieAppTests.swift */; };
		38D7F7E929A42ED2009E0A6A /* MeuAtelieAppUITests.swift in Sources */ = {isa = PBXBuildFile; fileRef = 38D7F7E829A42ED2009E0A6A /* MeuAtelieAppUITests.swift */; };
		38D7F7EB29A42ED2009E0A6A /* MeuAtelieAppUITestsLaunchTests.swift in Sources */ = {isa = PBXBuildFile; fileRef = 38D7F7EA29A42ED2009E0A6A /* MeuAtelieAppUITestsLaunchTests.swift */; };
/* End PBXBuildFile section */

/* Begin PBXContainerItemProxy section */
		38D7F7DB29A42ED2009E0A6A /* PBXContainerItemProxy */ = {
			isa = PBXContainerItemProxy;
			containerPortal = 38D7F7C229A42ED0009E0A6A /* Project object */;
			proxyType = 1;
			remoteGlobalIDString = 38D7F7C929A42ED0009E0A6A;
			remoteInfo = MeuAtelieApp;
		};
		38D7F7E529A42ED2009E0A6A /* PBXContainerItemProxy */ = {
			isa = PBXContainerItemProxy;
			containerPortal = 38D7F7C229A42ED0009E0A6A /* Project object */;
			proxyType = 1;
			remoteGlobalIDString = 38D7F7C929A42ED0009E0A6A;
			remoteInfo = MeuAtelieApp;
		};
/* End PBXContainerItemProxy section */

/* Begin PBXFileReference section */
		38D7F7CA29A42ED0009E0A6A /* MeuAtelieApp.app */ = {isa = PBXFileReference; explicitFileType = wrapper.application; includeInIndex = 0; path = MeuAtelieApp.app; sourceTree = BUILT_PRODUCTS_DIR; };
		38D7F7CD29A42ED0009E0A6A /* MeuAtelieAppApp.swift */ = {isa = PBXFileReference; lastKnownFileType = sourcecode.swift; path = MeuAtelieAppApp.swift; sourceTree = "<group>"; };
		38D7F7CF29A42ED0009E0A6A /* ContentView.swift */ = {isa = PBXFileReference; lastKnownFileType = sourcecode.swift; path = ContentView.swift; sourceTree = "<group>"; };
		38D7F7D129A42ED2009E0A6A /* Assets.xcassets */ = {isa = PBXFileReference; lastKnownFileType = folder.assetcatalog; path = Assets.xcassets; sourceTree = "<group>"; };
		38D7F7D429A42ED2009E0A6A /* Preview Assets.xcassets */ = {isa = PBXFileReference; lastKnownFileType = folder.assetcatalog; path = "Preview Assets.xcassets"; sourceTree = "<group>"; };
		38D7F7DA29A42ED2009E0A6A /* MeuAtelieAppTests.xctest */ = {isa = PBXFileReference; explicitFileType = wrapper.cfbundle; includeInIndex = 0; path = MeuAtelieAppTests.xctest; sourceTree = BUILT_PRODUCTS_DIR; };
		38D7F7DE29A42ED2009E0A6A /* MeuAtelieAppTests.swift */ = {isa = PBXFileReference; lastKnownFileType = sourcecode.swift; path = MeuAtelieAppTests.swift; sourceTree = "<group>"; };
		38D7F7E429A42ED2009E0A6A /* MeuAtelieAppUITests.xctest */ = {isa = PBXFileReference; explicitFileType = wrapper.cfbundle; includeInIndex = 0; path = MeuAtelieAppUITests.xctest; sourceTree = BUILT_PRODUCTS_DIR; };
		38D7F7E829A42ED2009E0A6A /* MeuAtelieAppUITests.swift */ = {isa = PBXFileReference; lastKnownFileType = sourcecode.swift; path = MeuAtelieAppUITests.swift; sourceTree = "<group>"; };
		38D7F7EA29A42ED2009E0A6A /* MeuAtelieAppUITestsLaunchTests.swift */ = {isa = PBXFileReference; lastKnownFileType = sourcecode.swift; path = MeuAtelieAppUITestsLaunchTests.swift; sourceTree = "<group>"; };
/* End PBXFileReference section */

/* Begin PBXFrameworksBuildPhase section */
		38D7F7C729A42ED0009E0A6A /* Frameworks */ = {
			isa = PBXFrameworksBuildPhase;
			buildActionMask = 2147483647;
			files = (
			);
			runOnlyForDeploymentPostprocessing = 0;
		};
		38D7F7D729A42ED2009E0A6A /* Frameworks */ = {
			isa = PBXFrameworksBuildPhase;
			buildActionMask = 2147483647;
			files = (
			);
			runOnlyForDeploymentPostprocessing = 0;
		};
		38D7F7E129A42ED2009E0A6A /* Frameworks */ = {
			isa = PBXFrameworksBuildPhase;
			buildActionMask = 2147483647;
			files = (
			);
			runOnlyForDeploymentPostprocessing = 0;
		};
/* End PBXFrameworksBuildPhase section */

/* Begin PBXGroup section */
		38D7F7C129A42ED0009E0A6A = {
			isa = PBXGroup;
			children = (
				38D7F7CC29A42ED0009E0A6A /* MeuAtelieApp */,
				38D7F7DD29A42ED2009E0A6A /* MeuAtelieAppTests */,
				38D7F7E729A42ED2009E0A6A /* MeuAtelieAppUITests */,
				38D7F7CB29A42ED0009E0A6A /* Products */,
			);
			sourceTree = "<group>";
		};
		38D7F7CB29A42ED0009E0A6A /* Products */ = {
			isa = PBXGroup;
			children = (
				38D7F7CA29A42ED0009E0A6A /* MeuAtelieApp.app */,
				38D7F7DA29A42ED2009E0A6A /* MeuAtelieAppTests.xctest */,
				38D7F7E429A42ED2009E0A6A /* MeuAtelieAppUITests.xctest */,
			);
			name = Products;
			sourceTree = "<group>";
		};
		38D7F7CC29A42ED0009E0A6A /* MeuAtelieApp */ = {
			isa = PBXGroup;
			children = (
				38D7F7CD29A42ED0009E0A6A /* MeuAtelieAppApp.swift */,
				38D7F7CF29A42ED0009E0A6A /* ContentView.swift */,
				38D7F7D129A42ED2009E0A6A /* Assets.xcassets */,
				38D7F7D329A42ED2009E0A6A /* Preview Content */,
			);
			path = MeuAtelieApp;
			sourceTree = "<group>";
		};
		38D7F7D329A42ED2009E0A6A /* Preview Content */ = {
			isa = PBXGroup;
			children = (
				38D7F7D429A42ED2009E0A6A /* Preview Assets.xcassets */,
			);
			path = "Preview Content";
			sourceTree = "<group>";
		};
		38D7F7DD29A42ED2009E0A6A /* MeuAtelieAppTests */ = {
			isa = PBXGroup;
			children = (
				38D7F7DE29A42ED2009E0A6A /* MeuAtelieAppTests.swift */,
			);
			path = MeuAtelieAppTests;
			sourceTree = "<group>";
		};
		38D7F7E729A42ED2009E0A6A /* MeuAtelieAppUITests */ = {
			isa = PBXGroup;
			children = (
				38D7F7E829A42ED2009E0A6A /* MeuAtelieAppUITests.swift */,
				38D7F7EA29A42ED2009E0A6A /* MeuAtelieAppUITestsLaunchTests.swift */,
			);
			path = MeuAtelieAppUITests;
			sourceTree = "<group>";
		};
/* End PBXGroup section */

/* Begin PBXNativeTarget section */
		38D7F7C929A42ED0009E0A6A /* MeuAtelieApp */ = {
			isa = PBXNativeTarget;
			buildConfigurationList = 38D7F7EE29A42ED2009E0A6A /* Build configuration list for PBXNativeTarget "MeuAtelieApp" */;
			buildPhases = (
				38D7F7C629A42ED0009E0A6A /* Sources */,
				38D7F7C729A42ED0009E0A6A /* Frameworks */,
				38D7F7C829A42ED0009E0A6A /* Resources */,
			);
			buildRules = (
			);
			dependencies = (
			);
			name = MeuAtelieApp;
			productName = MeuAtelieApp;
			productReference = 38D7F7CA29A42ED0009E0A6A /* MeuAtelieApp.app */;
			productType = "com.apple.product-type.application";
		};
		38D7F7D929A42ED2009E0A6A /* MeuAtelieAppTests */ = {
			isa = PBXNativeTarget;
			buildConfigurationList = 38D7F7F129A42ED2009E0A6A /* Build configuration list for PBXNativeTarget "MeuAtelieAppTests" */;
			buildPhases = (
				38D7F7D629A42ED2009E0A6A /* Sources */,
				38D7F7D729A42ED2009E0A6A /* Frameworks */,
				38D7F7D829A42ED2009E0A6A /* Resources */,
			);
			buildRules = (
			);
			dependencies = (
				38D7F7DC29A42ED2009E0A6A /* PBXTargetDependency */,
			);
			name = MeuAtelieAppTests;
			productName = MeuAtelieAppTests;
			productReference = 38D7F7DA29A42ED2009E0A6A /* MeuAtelieAppTests.xctest */;
			productType = "com.apple.product-type.bundle.unit-test";
		};
		38D7F7E329A42ED2009E0A6A /* MeuAtelieAppUITests */ = {
			isa = PBXNativeTarget;
			buildConfigurationList = 38D7F7F429A42ED2009E0A6A /* Build configuration list for PBXNativeTarget "MeuAtelieAppUITests" */;
			buildPhases = (
				38D7F7E029A42ED2009E0A6A /* Sources */,
				38D7F7E129A42ED2009E0A6A /* Frameworks */,
				38D7F7E229A42ED2009E0A6A /* Resources */,
			);
			buildRules = (
			);
			dependencies = (
				38D7F7E629A42ED2009E0A6A /* PBXTargetDependency */,
			);
			name = MeuAtelieAppUITests;
			productName = MeuAtelieAppUITests;
			productReference = 38D7F7E429A42ED2009E0A6A /* MeuAtelieAppUITests.xctest */;
			productType = "com.apple.product-type.bundle.ui-testing";
		};
/* End PBXNativeTarget section */

/* Begin PBXProject section */
		38D7F7C229A42ED0009E0A6A /* Project object */ = {
			isa = PBXProject;
			attributes = {
				BuildIndependentTargetsInParallel = 1;
				LastSwiftUpdateCheck = 1400;
				LastUpgradeCheck = 1400;
				TargetAttributes = {
					38D7F7C929A42ED0009E0A6A = {
						CreatedOnToolsVersion = 14.0.1;
					};
					38D7F7D929A42ED2009E0A6A = {
						CreatedOnToolsVersion = 14.0.1;
						TestTargetID = 38D7F7C929A42ED0009E0A6A;
					};
					38D7F7E329A42ED2009E0A6A = {
						CreatedOnToolsVersion = 14.0.1;
						TestTargetID = 38D7F7C929A42ED0009E0A6A;
					};
				};
			};
			buildConfigurationList = 38D7F7C529A42ED0009E0A6A /* Build configuration list for PBXProject "MeuAtelieApp" */;
			compatibilityVersion = "Xcode 14.0";
			developmentRegion = en;
			hasScannedForEncodings = 0;
			knownRegions = (
				en,
				Base,
			);
			mainGroup = 38D7F7C129A42ED0009E0A6A;
			productRefGroup = 38D7F7CB29A42ED0009E0A6A /* Products */;
			projectDirPath = "";
			projectRoot = "";
			targets = (
				38D7F7C929A42ED0009E0A6A /* MeuAtelieApp */,
				38D7F7D929A42ED2009E0A6A /* MeuAtelieAppTests */,
				38D7F7E329A42ED2009E0A6A /* MeuAtelieAppUITests */,
			);
		};
/* End PBXProject section */

/* Begin PBXResourcesBuildPhase section */
		38D7F7C829A42ED0009E0A6A /* Resources */ = {
			isa = PBXResourcesBuildPhase;
			buildActionMask = 2147483647;
			files = (
				38D7F7D529A42ED2009E0A6A /* Preview Assets.xcassets in Resources */,
				38D7F7D229A42ED2009E0A6A /* Assets.xcassets in Resources */,
			);
			runOnlyForDeploymentPostprocessing = 0;
		};
		38D7F7D829A42ED2009E0A6A /* Resources */ = {
			isa = PBXResourcesBuildPhase;
			buildActionMask = 2147483647;
			files = (
			);
			runOnlyForDeploymentPostprocessing = 0;
		};
		38D7F7E229A42ED2009E0A6A /* Resources */ = {
			isa = PBXResourcesBuildPhase;
			buildActionMask = 2147483647;
			files = (
			);
			runOnlyForDeploymentPostprocessing = 0;
		};
/* End PBXResourcesBuildPhase section */

/* Begin PBXSourcesBuildPhase section */
		38D7F7C629A42ED0009E0A6A /* Sources */ = {
			isa = PBXSourcesBuildPhase;
			buildActionMask = 2147483647;
			files = (
				38D7F7D029A42ED0009E0A6A /* ContentView.swift in Sources */,
				38D7F7CE29A42ED0009E0A6A /* MeuAtelieAppApp.swift in Sources */,
			);
			runOnlyForDeploymentPostprocessing = 0;
		};
		38D7F7D629A42ED2009E0A6A /* Sources */ = {
			isa = PBXSourcesBuildPhase;
			buildActionMask = 2147483647;
			files = (
				38D7F7DF29A42ED2009E0A6A /* MeuAtelieAppTests.swift in Sources */,
			);
			runOnlyForDeploymentPostprocessing = 0;
		};
		38D7F7E029A42ED2009E0A6A /* Sources */ = {
			isa = PBXSourcesBuildPhase;
			buildActionMask = 2147483647;
			files = (
				38D7F7EB29A42ED2009E0A6A /* MeuAtelieAppUITestsLaunchTests.swift in Sources */,
				38D7F7E929A42ED2009E0A6A /* MeuAtelieAppUITests.swift in Sources */,
			);
			runOnlyForDeploymentPostprocessing = 0;
		};
/* End PBXSourcesBuildPhase section */

/* Begin PBXTargetDependency section */
		38D7F7DC29A42ED2009E0A6A /* PBXTargetDependency */ = {
			isa = PBXTargetDependency;
			target = 38D7F7C929A42ED0009E0A6A /* MeuAtelieApp */;
			targetProxy = 38D7F7DB29A42ED2009E0A6A /* PBXContainerItemProxy */;
		};
		38D7F7E629A42ED2009E0A6A /* PBXTargetDependency */ = {
			isa = PBXTargetDependency;
			target = 38D7F7C929A42ED0009E0A6A /* MeuAtelieApp */;
			targetProxy = 38D7F7E529A42ED2009E0A6A /* PBXContainerItemProxy */;
		};
/* End PBXTargetDependency section */

/* Begin XCBuildConfiguration section */
		38D7F7EC29A42ED2009E0A6A /* Debug */ = {
			isa = XCBuildConfiguration;
			buildSettings = {
				ALWAYS_SEARCH_USER_PATHS = NO;
				CLANG_ANALYZER_NONNULL = YES;
				CLANG_ANALYZER_NUMBER_OBJECT_CONVERSION = YES_AGGRESSIVE;
				CLANG_CXX_LANGUAGE_STANDARD = "gnu++20";
				CLANG_ENABLE_MODULES = YES;
				CLANG_ENABLE_OBJC_ARC = YES;
				CLANG_ENABLE_OBJC_WEAK = YES;
				CLANG_WARN_BLOCK_CAPTURE_AUTORELEASING = YES;
				CLANG_WARN_BOOL_CONVERSION = YES;
				CLANG_WARN_COMMA = YES;
				CLANG_WARN_CONSTANT_CONVERSION = YES;
				CLANG_WARN_DEPRECATED_OBJC_IMPLEMENTATIONS = YES;
				CLANG_WARN_DIRECT_OBJC_ISA_USAGE = YES_ERROR;
				CLANG_WARN_DOCUMENTATION_COMMENTS = YES;
				CLANG_WARN_EMPTY_BODY = YES;
				CLANG_WARN_ENUM_CONVERSION = YES;
				CLANG_WARN_INFINITE_RECURSION = YES;
				CLANG_WARN_INT_CONVERSION = YES;
				CLANG_WARN_NON_LITERAL_NULL_CONVERSION = YES;
				CLANG_WARN_OBJC_IMPLICIT_RETAIN_SELF = YES;
				CLANG_WARN_OBJC_LITERAL_CONVERSION = YES;
				CLANG_WARN_OBJC_ROOT_CLASS = YES_ERROR;
				CLANG_WARN_QUOTED_INCLUDE_IN_FRAMEWORK_HEADER = YES;
				CLANG_WARN_RANGE_LOOP_ANALYSIS = YES;
				CLANG_WARN_STRICT_PROTOTYPES = YES;
				CLANG_WARN_SUSPICIOUS_MOVE = YES;
				CLANG_WARN_UNGUARDED_AVAILABILITY = YES_AGGRESSIVE;
				CLANG_WARN_UNREACHABLE_CODE = YES;
				CLANG_WARN__DUPLICATE_METHOD_MATCH = YES;
				COPY_PHASE_STRIP = NO;
				DEBUG_INFORMATION_FORMAT = dwarf;
				ENABLE_STRICT_OBJC_MSGSEND = YES;
				ENABLE_TESTABILITY = YES;
				GCC_C_LANGUAGE_STANDARD = gnu11;
				GCC_DYNAMIC_NO_PIC = NO;
				GCC_NO_COMMON_BLOCKS = YES;
				GCC_OPTIMIZATION_LEVEL = 0;
				GCC_PREPROCESSOR_DEFINITIONS = (
					"DEBUG=1",
					"$(inherited)",
				);
				GCC_WARN_64_TO_32_BIT_CONVERSION = YES;
				GCC_WARN_ABOUT_RETURN_TYPE = YES_ERROR;
				GCC_WARN_UNDECLARED_SELECTOR = YES;
				GCC_WARN_UNINITIALIZED_AUTOS = YES_AGGRESSIVE;
				GCC_WARN_UNUSED_FUNCTION = YES;
				GCC_WARN_UNUSED_VARIABLE = YES;
				IPHONEOS_DEPLOYMENT_TARGET = 16.0;
				MTL_ENABLE_DEBUG_INFO = INCLUDE_SOURCE;
				MTL_FAST_MATH = YES;
				ONLY_ACTIVE_ARCH = YES;
				SDKROOT = iphoneos;
				SWIFT_ACTIVE_COMPILATION_CONDITIONS = DEBUG;
				SWIFT_OPTIMIZATION_LEVEL = "-Onone";
			};
			name = Debug;
		};
		38D7F7ED29A42ED2009E0A6A /* Release */ = {
			isa = XCBuildConfiguration;
			buildSettings = {
				ALWAYS_SEARCH_USER_PATHS = NO;
				CLANG_ANALYZER_NONNULL = YES;
				CLANG_ANALYZER_NUMBER_OBJECT_CONVERSION = YES_AGGRESSIVE;
				CLANG_CXX_LANGUAGE_STANDARD = "gnu++20";
				CLANG_ENABLE_MODULES = YES;
				CLANG_ENABLE_OBJC_ARC = YES;
				CLANG_ENABLE_OBJC_WEAK = YES;
				CLANG_WARN_BLOCK_CAPTURE_AUTORELEASING = YES;
				CLANG_WARN_BOOL_CONVERSION = YES;
				CLANG_WARN_COMMA = YES;
				CLANG_WARN_CONSTANT_CONVERSION = YES;
				CLANG_WARN_DEPRECATED_OBJC_IMPLEMENTATIONS = YES;
				CLANG_WARN_DIRECT_OBJC_ISA_USAGE = YES_ERROR;
				CLANG_WARN_DOCUMENTATION_COMMENTS = YES;
				CLANG_WARN_EMPTY_BODY = YES;
				CLANG_WARN_ENUM_CONVERSION = YES;
				CLANG_WARN_INFINITE_RECURSION = YES;
				CLANG_WARN_INT_CONVERSION = YES;
				CLANG_WARN_NON_LITERAL_NULL_CONVERSION = YES;
				CLANG_WARN_OBJC_IMPLICIT_RETAIN_SELF = YES;
				CLANG_WARN_OBJC_LITERAL_CONVERSION = YES;
				CLANG_WARN_OBJC_ROOT_CLASS = YES_ERROR;
				CLANG_WARN_QUOTED_INCLUDE_IN_FRAMEWORK_HEADER = YES;
				CLANG_WARN_RANGE_LOOP_ANALYSIS = YES;
				CLANG_WARN_STRICT_PROTOTYPES = YES;
				CLANG_WARN_SUSPICIOUS_MOVE = YES;
				CLANG_WARN_UNGUARDED_AVAILABILITY = YES_AGGRESSIVE;
				CLANG_WARN_UNREACHABLE_CODE = YES;
				CLANG_WARN__DUPLICATE_METHOD_MATCH = YES;
				COPY_PHASE_STRIP = NO;
				DEBUG_INFORMATION_FORMAT = "dwarf-with-dsym";
				ENABLE_NS_ASSERTIONS = NO;
				ENABLE_STRICT_OBJC_MSGSEND = YES;
				GCC_C_LANGUAGE_STANDARD = gnu11;
				GCC_NO_COMMON_BLOCKS = YES;
				GCC_WARN_64_TO_32_BIT_CONVERSION = YES;
				GCC_WARN_ABOUT_RETURN_TYPE = YES_ERROR;
				GCC_WARN_UNDECLARED_SELECTOR = YES;
				GCC_WARN_UNINITIALIZED_AUTOS = YES_AGGRESSIVE;
				GCC_WARN_UNUSED_FUNCTION = YES;
				GCC_WARN_UNUSED_VARIABLE = YES;
				IPHONEOS_DEPLOYMENT_TARGET = 16.0;
				MTL_ENABLE_DEBUG_INFO = NO;
				MTL_FAST_MATH = YES;
				SDKROOT = iphoneos;
				SWIFT_COMPILATION_MODE = wholemodule;
				SWIFT_OPTIMIZATION_LEVEL = "-O";
				VALIDATE_PRODUCT = YES;
			};
			name = Release;
		};
		38D7F7EF29A42ED2009E0A6A /* Debug */ = {
			isa = XCBuildConfiguration;
			buildSettings = {
				ASSETCATALOG_COMPILER_APPICON_NAME = AppIcon;
				ASSETCATALOG_COMPILER_GLOBAL_ACCENT_COLOR_NAME = AccentColor;
				CODE_SIGN_STYLE = Automatic;
				CURRENT_PROJECT_VERSION = 1;
				DEVELOPMENT_ASSET_PATHS = "\"MeuAtelieApp/Preview Content\"";
				DEVELOPMENT_TEAM = 3F7B357CTD;
				ENABLE_PREVIEWS = YES;
				GENERATE_INFOPLIST_FILE = YES;
				INFOPLIST_KEY_UIApplicationSceneManifest_Generation = YES;
				INFOPLIST_KEY_UIApplicationSupportsIndirectInputEvents = YES;
				INFOPLIST_KEY_UILaunchScreen_Generation = YES;
				INFOPLIST_KEY_UISupportedInterfaceOrientations_iPad = "UIInterfaceOrientationPortrait UIInterfaceOrientationPortraitUpsideDown UIInterfaceOrientationLandscapeLeft UIInterfaceOrientationLandscapeRight";
				INFOPLIST_KEY_UISupportedInterfaceOrientations_iPhone = "UIInterfaceOrientationPortrait UIInterfaceOrientationLandscapeLeft UIInterfaceOrientationLandscapeRight";
				LD_RUNPATH_SEARCH_PATHS = (
					"$(inherited)",
					"@executable_path/Frameworks",
				);
				MARKETING_VERSION = 1.0;
				PRODUCT_BUNDLE_IDENTIFIER = com.anajuliavolpi.MeuAtelieApp;
				PRODUCT_NAME = "$(TARGET_NAME)";
				SWIFT_EMIT_LOC_STRINGS = YES;
				SWIFT_VERSION = 5.0;
				TARGETED_DEVICE_FAMILY = "1,2";
			};
			name = Debug;
		};
		38D7F7F029A42ED2009E0A6A /* Release */ = {
			isa = XCBuildConfiguration;
			buildSettings = {
				ASSETCATALOG_COMPILER_APPICON_NAME = AppIcon;
				ASSETCATALOG_COMPILER_GLOBAL_ACCENT_COLOR_NAME = AccentColor;
				CODE_SIGN_STYLE = Automatic;
				CURRENT_PROJECT_VERSION = 1;
				DEVELOPMENT_ASSET_PATHS = "\"MeuAtelieApp/Preview Content\"";
				DEVELOPMENT_TEAM = 3F7B357CTD;
				ENABLE_PREVIEWS = YES;
				GENERATE_INFOPLIST_FILE = YES;
				INFOPLIST_KEY_UIApplicationSceneManifest_Generation = YES;
				INFOPLIST_KEY_UIApplicationSupportsIndirectInputEvents = YES;
				INFOPLIST_KEY_UILaunchScreen_Generation = YES;
				INFOPLIST_KEY_UISupportedInterfaceOrientations_iPad = "UIInterfaceOrientationPortrait UIInterfaceOrientationPortraitUpsideDown UIInterfaceOrientationLandscapeLeft UIInterfaceOrientationLandscapeRight";
				INFOPLIST_KEY_UISupportedInterfaceOrientations_iPhone = "UIInterfaceOrientationPortrait UIInterfaceOrientationLandscapeLeft UIInterfaceOrientationLandscapeRight";
				LD_RUNPATH_SEARCH_PATHS = (
					"$(inherited)",
					"@executable_path/Frameworks",
				);
				MARKETING_VERSION = 1.0;
				PRODUCT_BUNDLE_IDENTIFIER = com.anajuliavolpi.MeuAtelieApp;
				PRODUCT_NAME = "$(TARGET_NAME)";
				SWIFT_EMIT_LOC_STRINGS = YES;
				SWIFT_VERSION = 5.0;
				TARGETED_DEVICE_FAMILY = "1,2";
			};
			name = Release;
		};
		38D7F7F229A42ED2009E0A6A /* Debug */ = {
			isa = XCBuildConfiguration;
			buildSettings = {
				ALWAYS_EMBED_SWIFT_STANDARD_LIBRARIES = YES;
				BUNDLE_LOADER = "$(TEST_HOST)";
				CODE_SIGN_STYLE = Automatic;
				CURRENT_PROJECT_VERSION = 1;
				DEVELOPMENT_TEAM = 3F7B357CTD;
				GENERATE_INFOPLIST_FILE = YES;
				IPHONEOS_DEPLOYMENT_TARGET = 16.0;
				MARKETING_VERSION = 1.0;
				PRODUCT_BUNDLE_IDENTIFIER = com.anajuliavolpi.MeuAtelieAppTests;
				PRODUCT_NAME = "$(TARGET_NAME)";
				SWIFT_EMIT_LOC_STRINGS = NO;
				SWIFT_VERSION = 5.0;
				TARGETED_DEVICE_FAMILY = "1,2";
				TEST_HOST = "$(BUILT_PRODUCTS_DIR)/MeuAtelieApp.app/$(BUNDLE_EXECUTABLE_FOLDER_PATH)/MeuAtelieApp";
			};
			name = Debug;
		};
		38D7F7F329A42ED2009E0A6A /* Release */ = {
			isa = XCBuildConfiguration;
			buildSettings = {
				ALWAYS_EMBED_SWIFT_STANDARD_LIBRARIES = YES;
				BUNDLE_LOADER = "$(TEST_HOST)";
				CODE_SIGN_STYLE = Automatic;
				CURRENT_PROJECT_VERSION = 1;
				DEVELOPMENT_TEAM = 3F7B357CTD;
				GENERATE_INFOPLIST_FILE = YES;
				IPHONEOS_DEPLOYMENT_TARGET = 16.0;
				MARKETING_VERSION = 1.0;
				PRODUCT_BUNDLE_IDENTIFIER = com.anajuliavolpi.MeuAtelieAppTests;
				PRODUCT_NAME = "$(TARGET_NAME)";
				SWIFT_EMIT_LOC_STRINGS = NO;
				SWIFT_VERSION = 5.0;
				TARGETED_DEVICE_FAMILY = "1,2";
				TEST_HOST = "$(BUILT_PRODUCTS_DIR)/MeuAtelieApp.app/$(BUNDLE_EXECUTABLE_FOLDER_PATH)/MeuAtelieApp";
			};
			name = Release;
		};
		38D7F7F529A42ED2009E0A6A /* Debug */ = {
			isa = XCBuildConfiguration;
			buildSettings = {
				ALWAYS_EMBED_SWIFT_STANDARD_LIBRARIES = YES;
				CODE_SIGN_STYLE = Automatic;
				CURRENT_PROJECT_VERSION = 1;
				DEVELOPMENT_TEAM = 3F7B357CTD;
				GENERATE_INFOPLIST_FILE = YES;
				MARKETING_VERSION = 1.0;
				PRODUCT_BUNDLE_IDENTIFIER = com.anajuliavolpi.MeuAtelieAppUITests;
				PRODUCT_NAME = "$(TARGET_NAME)";
				SWIFT_EMIT_LOC_STRINGS = NO;
				SWIFT_VERSION = 5.0;
				TARGETED_DEVICE_FAMILY = "1,2";
				TEST_TARGET_NAME = MeuAtelieApp;
			};
			name = Debug;
		};
		38D7F7F629A42ED2009E0A6A /* Release */ = {
			isa = XCBuildConfiguration;
			buildSettings = {
				ALWAYS_EMBED_SWIFT_STANDARD_LIBRARIES = YES;
				CODE_SIGN_STYLE = Automatic;
				CURRENT_PROJECT_VERSION = 1;
				DEVELOPMENT_TEAM = 3F7B357CTD;
				GENERATE_INFOPLIST_FILE = YES;
				MARKETING_VERSION = 1.0;
				PRODUCT_BUNDLE_IDENTIFIER = com.anajuliavolpi.MeuAtelieAppUITests;
				PRODUCT_NAME = "$(TARGET_NAME)";
				SWIFT_EMIT_LOC_STRINGS = NO;
				SWIFT_VERSION = 5.0;
				TARGETED_DEVICE_FAMILY = "1,2";
				TEST_TARGET_NAME = MeuAtelieApp;
			};
			name = Release;
		};
/* End XCBuildConfiguration section */

/* Begin XCConfigurationList section */
		38D7F7C529A42ED0009E0A6A /* Build configuration list for PBXProject "MeuAtelieApp" */ = {
			isa = XCConfigurationList;
			buildConfigurations = (
				38D7F7EC29A42ED2009E0A6A /* Debug */,
				38D7F7ED29A42ED2009E0A6A /* Release */,
			);
			defaultConfigurationIsVisible = 0;
			defaultConfigurationName = Release;
		};
		38D7F7EE29A42ED2009E0A6A /* Build configuration list for PBXNativeTarget "MeuAtelieApp" */ = {
			isa = XCConfigurationList;
			buildConfigurations = (
				38D7F7EF29A42ED2009E0A6A /* Debug */,
				38D7F7F029A42ED2009E0A6A /* Release */,
			);
			defaultConfigurationIsVisible = 0;
			defaultConfigurationName = Release;
		};
		38D7F7F129A42ED2009E0A6A /* Build configuration list for PBXNativeTarget "MeuAtelieAppTests" */ = {
			isa = XCConfigurationList;
			buildConfigurations = (
				38D7F7F229A42ED2009E0A6A /* Debug */,
				38D7F7F329A42ED2009E0A6A /* Release */,
			);
			defaultConfigurationIsVisible = 0;
			defaultConfigurationName = Release;
		};
		38D7F7F429A42ED2009E0A6A /* Build configuration list for PBXNativeTarget "MeuAtelieAppUITests" */ = {
			isa = XCConfigurationList;
			buildConfigurations = (
				38D7F7F529A42ED2009E0A6A /* Debug */,
				38D7F7F629A42ED2009E0A6A /* Release */,
			);
			defaultConfigurationIsVisible = 0;
			defaultConfigurationName = Release;
		};
/* End XCConfigurationList section */
	};
	rootObject = 38D7F7C229A42ED0009E0A6A /* Project object */;
}
