// !$*UTF8*$!
{
	archiveVersion = 1;
	classes = {
	};
	objectVersion = 56;
	objects = {

/* Begin PBXBuildFile section */
		38063F622A2E86AB00BB72BD /* MARegisterViewModelTests.swift in Sources */ = {isa = PBXBuildFile; fileRef = 38063F612A2E86AB00BB72BD /* MARegisterViewModelTests.swift */; };
		38063F652A2E878200BB72BD /* FirebaseAuth in Frameworks */ = {isa = PBXBuildFile; productRef = 38063F642A2E878200BB72BD /* FirebaseAuth */; };
		38063F672A2E878B00BB72BD /* FirebaseFirestore in Frameworks */ = {isa = PBXBuildFile; productRef = 38063F662A2E878B00BB72BD /* FirebaseFirestore */; };
		38063F6E2A2E8A0E00BB72BD /* MALoginViewModelTests.swift in Sources */ = {isa = PBXBuildFile; fileRef = 38063F6D2A2E8A0E00BB72BD /* MALoginViewModelTests.swift */; };
		38063F712A2E8AAC00BB72BD /* MAHomeViewModelTests.swift in Sources */ = {isa = PBXBuildFile; fileRef = 38063F702A2E8AAC00BB72BD /* MAHomeViewModelTests.swift */; };
		38063F742A2E8B5400BB72BD /* MANewOrderViewModelTests.swift in Sources */ = {isa = PBXBuildFile; fileRef = 38063F732A2E8B5400BB72BD /* MANewOrderViewModelTests.swift */; };
		38063F772A2E8C6300BB72BD /* MATailoredOrderFlowMeasurementsViewModelTests.swift in Sources */ = {isa = PBXBuildFile; fileRef = 38063F762A2E8C6300BB72BD /* MATailoredOrderFlowMeasurementsViewModelTests.swift */; };
		38063F792A2E8D0C00BB72BD /* MATailoredOrderFlowViewModelTests.swift in Sources */ = {isa = PBXBuildFile; fileRef = 38063F782A2E8D0C00BB72BD /* MATailoredOrderFlowViewModelTests.swift */; };
		38063F7C2A2E8DA600BB72BD /* MAOrderListRowViewModelTests.swift in Sources */ = {isa = PBXBuildFile; fileRef = 38063F7B2A2E8DA600BB72BD /* MAOrderListRowViewModelTests.swift */; };
		38063F7F2A2E8ECA00BB72BD /* MAProfileViewModelTests.swift in Sources */ = {isa = PBXBuildFile; fileRef = 38063F7E2A2E8ECA00BB72BD /* MAProfileViewModelTests.swift */; };
		38063F822A2E8F6300BB72BD /* MANewPasswordViewModelTests.swift in Sources */ = {isa = PBXBuildFile; fileRef = 38063F812A2E8F6300BB72BD /* MANewPasswordViewModelTests.swift */; };
		38063F852A2E8FD900BB72BD /* MAClientsViewModelTests.swift in Sources */ = {isa = PBXBuildFile; fileRef = 38063F842A2E8FD900BB72BD /* MAClientsViewModelTests.swift */; };
		38063F882A2E905D00BB72BD /* MANewClientViewModelTests.swift in Sources */ = {isa = PBXBuildFile; fileRef = 38063F872A2E905D00BB72BD /* MANewClientViewModelTests.swift */; };
		38063F8B2A2E90B600BB72BD /* MAClientDetailsViewModelTests.swift in Sources */ = {isa = PBXBuildFile; fileRef = 38063F8A2A2E90B600BB72BD /* MAClientDetailsViewModelTests.swift */; };
		38063F8E2A2E911900BB72BD /* MAEditClientViewModelTests.swift in Sources */ = {isa = PBXBuildFile; fileRef = 38063F8D2A2E911900BB72BD /* MAEditClientViewModelTests.swift */; };
		3822E4AD29DB493A00FE8348 /* GoogleService-Info.plist in Resources */ = {isa = PBXBuildFile; fileRef = 3822E4AC29DB493A00FE8348 /* GoogleService-Info.plist */; };
		3822E4B029DB4A7200FE8348 /* FirebaseAuth in Frameworks */ = {isa = PBXBuildFile; productRef = 3822E4AF29DB4A7200FE8348 /* FirebaseAuth */; };
		3822E4B229DB4A7200FE8348 /* FirebaseFirestore in Frameworks */ = {isa = PBXBuildFile; productRef = 3822E4B129DB4A7200FE8348 /* FirebaseFirestore */; };
		3822E4B529DB64E400FE8348 /* NetworkManager.swift in Sources */ = {isa = PBXBuildFile; fileRef = 3822E4B429DB64E400FE8348 /* NetworkManager.swift */; };
		3822E4B929DB663500FE8348 /* MARegisterView.swift in Sources */ = {isa = PBXBuildFile; fileRef = 3822E4B829DB663500FE8348 /* MARegisterView.swift */; };
		3822E4BC29DB6F9E00FE8348 /* MAProfileView.swift in Sources */ = {isa = PBXBuildFile; fileRef = 3822E4BB29DB6F9E00FE8348 /* MAProfileView.swift */; };
		3822E4BF29DB7C8A00FE8348 /* MANewOrder.swift in Sources */ = {isa = PBXBuildFile; fileRef = 3822E4BE29DB7C8A00FE8348 /* MANewOrder.swift */; };
		383B718B29AD39E800A465D8 /* MAHomeView.swift in Sources */ = {isa = PBXBuildFile; fileRef = 383B718A29AD39E800A465D8 /* MAHomeView.swift */; };
		383DFBB22A0898C600FC4F42 /* MADropdownMenu.swift in Sources */ = {isa = PBXBuildFile; fileRef = 383DFBB12A0898C600FC4F42 /* MADropdownMenu.swift */; };
		3853F52D2A070A4D00FD2DB3 /* MAClientsView.swift in Sources */ = {isa = PBXBuildFile; fileRef = 3853F52C2A070A4D00FD2DB3 /* MAClientsView.swift */; };
		3853F52F2A0712EA00FD2DB3 /* MAClientsViewModel.swift in Sources */ = {isa = PBXBuildFile; fileRef = 3853F52E2A0712EA00FD2DB3 /* MAClientsViewModel.swift */; };
		3853F5322A07145A00FD2DB3 /* MANewClient.swift in Sources */ = {isa = PBXBuildFile; fileRef = 3853F5312A07145A00FD2DB3 /* MANewClient.swift */; };
		3853F5352A0747A700FD2DB3 /* MAClientModel.swift in Sources */ = {isa = PBXBuildFile; fileRef = 3853F5342A0747A700FD2DB3 /* MAClientModel.swift */; };
		3853F5372A07480D00FD2DB3 /* MANewClientViewModel.swift in Sources */ = {isa = PBXBuildFile; fileRef = 3853F5362A07480D00FD2DB3 /* MANewClientViewModel.swift */; };
		3856D25129DFAE8C00D68516 /* MALoginViewModel.swift in Sources */ = {isa = PBXBuildFile; fileRef = 3856D25029DFAE8C00D68516 /* MALoginViewModel.swift */; };
		3856D25329DFB29F00D68516 /* MARegisterViewModel.swift in Sources */ = {isa = PBXBuildFile; fileRef = 3856D25229DFB29F00D68516 /* MARegisterViewModel.swift */; };
		3856D25629DFB30100D68516 /* MARegisterModel.swift in Sources */ = {isa = PBXBuildFile; fileRef = 3856D25529DFB30100D68516 /* MARegisterModel.swift */; };
		3856D25929DFB63500D68516 /* MAHomeViewModel.swift in Sources */ = {isa = PBXBuildFile; fileRef = 3856D25829DFB63500D68516 /* MAHomeViewModel.swift */; };
		3856D25C29DFB68400D68516 /* MAOrderModel.swift in Sources */ = {isa = PBXBuildFile; fileRef = 3856D25B29DFB68400D68516 /* MAOrderModel.swift */; };
		3856D25F29DFBE4E00D68516 /* MAOrderListRow.swift in Sources */ = {isa = PBXBuildFile; fileRef = 3856D25E29DFBE4E00D68516 /* MAOrderListRow.swift */; };
		3856D26129E05DAB00D68516 /* MAButton.swift in Sources */ = {isa = PBXBuildFile; fileRef = 3856D26029E05DAB00D68516 /* MAButton.swift */; };
		3856D26329E0619500D68516 /* MAOrderListRowViewModel.swift in Sources */ = {isa = PBXBuildFile; fileRef = 3856D26229E0619500D68516 /* MAOrderListRowViewModel.swift */; };
		3856D26529E064B500D68516 /* MANewOrderViewModel.swift in Sources */ = {isa = PBXBuildFile; fileRef = 3856D26429E064B500D68516 /* MANewOrderViewModel.swift */; };
		3856D26729E0681E00D68516 /* MAProfileViewModel.swift in Sources */ = {isa = PBXBuildFile; fileRef = 3856D26629E0681E00D68516 /* MAProfileViewModel.swift */; };
		3856D26929E06C9A00D68516 /* MANewPasswordViewModel.swift in Sources */ = {isa = PBXBuildFile; fileRef = 3856D26829E06C9A00D68516 /* MANewPasswordViewModel.swift */; };
		3856D26B29E0755100D68516 /* View+Ext.swift in Sources */ = {isa = PBXBuildFile; fileRef = 3856D26A29E0755100D68516 /* View+Ext.swift */; };
		3856D26D29E0CD9A00D68516 /* MAErrorView.swift in Sources */ = {isa = PBXBuildFile; fileRef = 3856D26C29E0CD9A00D68516 /* MAErrorView.swift */; };
		385C97022AAE0AFD00DE0F89 /* MACalendarView.swift in Sources */ = {isa = PBXBuildFile; fileRef = 385C97012AAE0AFD00DE0F89 /* MACalendarView.swift */; };
		385C97042AAE0E8C00DE0F89 /* CalendarView.swift in Sources */ = {isa = PBXBuildFile; fileRef = 385C97032AAE0E8C00DE0F89 /* CalendarView.swift */; };
		385C97062AAE17C000DE0F89 /* MACalendarViewModel.swift in Sources */ = {isa = PBXBuildFile; fileRef = 385C97052AAE17C000DE0F89 /* MACalendarViewModel.swift */; };
		385C97082AAE1C5A00DE0F89 /* Date+Ext.swift in Sources */ = {isa = PBXBuildFile; fileRef = 385C97072AAE1C5A00DE0F89 /* Date+Ext.swift */; };
		386D92BB2A5894AA004181EE /* MAStrings.swift in Sources */ = {isa = PBXBuildFile; fileRef = 386D92BA2A5894AA004181EE /* MAStrings.swift */; };
		386D92BD2A58A7A4004181EE /* MANavigationRoutes.swift in Sources */ = {isa = PBXBuildFile; fileRef = 386D92BC2A58A7A4004181EE /* MANavigationRoutes.swift */; };
		3872D64129ABFC65001F180D /* MeuAtelieLaunchScreen.storyboard in Resources */ = {isa = PBXBuildFile; fileRef = 3872D64029ABFC65001F180D /* MeuAtelieLaunchScreen.storyboard */; };
		3872D64329ABFCA7001F180D /* Colors.xcassets in Resources */ = {isa = PBXBuildFile; fileRef = 3872D64229ABFCA7001F180D /* Colors.xcassets */; };
		3872D64629AC04F2001F180D /* MALoginView.swift in Sources */ = {isa = PBXBuildFile; fileRef = 3872D64529AC04F2001F180D /* MALoginView.swift */; };
		387F26532A096BFD00DC9BB9 /* MATailoredOrderFlowView.swift in Sources */ = {isa = PBXBuildFile; fileRef = 387F26522A096BFD00DC9BB9 /* MATailoredOrderFlowView.swift */; };
		387F26552A0976A100DC9BB9 /* MATailoredOrderFlowViewModel.swift in Sources */ = {isa = PBXBuildFile; fileRef = 387F26542A0976A100DC9BB9 /* MATailoredOrderFlowViewModel.swift */; };
		387F26572A09808A00DC9BB9 /* MATailoredOrderFlowMeasurementsView.swift in Sources */ = {isa = PBXBuildFile; fileRef = 387F26562A09808A00DC9BB9 /* MATailoredOrderFlowMeasurementsView.swift */; };
		387F26592A0980C000DC9BB9 /* MATailoredOrderFlowMeasurementsViewModel.swift in Sources */ = {isa = PBXBuildFile; fileRef = 387F26582A0980C000DC9BB9 /* MATailoredOrderFlowMeasurementsViewModel.swift */; };
		388A076C29AEC4EF00FCE962 /* MATextField.swift in Sources */ = {isa = PBXBuildFile; fileRef = 388A076B29AEC4EF00FCE962 /* MATextField.swift */; };
		388A076F29AEC55D00FCE962 /* Colors+Ext.swift in Sources */ = {isa = PBXBuildFile; fileRef = 388A076E29AEC55D00FCE962 /* Colors+Ext.swift */; };
		388A077129AECD6500FCE962 /* Image+Ext.swift in Sources */ = {isa = PBXBuildFile; fileRef = 388A077029AECD6500FCE962 /* Image+Ext.swift */; };
		389951CD2A526F3B007D87FB /* MAOrderDetailsView.swift in Sources */ = {isa = PBXBuildFile; fileRef = 389951CC2A526F3B007D87FB /* MAOrderDetailsView.swift */; };
		389951CF2A526F4F007D87FB /* MAOrderDetailsViewModel.swift in Sources */ = {isa = PBXBuildFile; fileRef = 389951CE2A526F4F007D87FB /* MAOrderDetailsViewModel.swift */; };
		38AAFD8A2AE6AF8F00740E3E /* MAImportClientsView.swift in Sources */ = {isa = PBXBuildFile; fileRef = 38AAFD892AE6AF8F00740E3E /* MAImportClientsView.swift */; };
		38BCFD2C2A5248C5004A050B /* MAFixesOrderFlowView.swift in Sources */ = {isa = PBXBuildFile; fileRef = 38BCFD2B2A5248C5004A050B /* MAFixesOrderFlowView.swift */; };
		38BCFD2E2A5248CE004A050B /* MAFixesOrderFlowViewModel.swift in Sources */ = {isa = PBXBuildFile; fileRef = 38BCFD2D2A5248CE004A050B /* MAFixesOrderFlowViewModel.swift */; };
		38D081102A07E9CB00B0DB99 /* MAHeaderView.swift in Sources */ = {isa = PBXBuildFile; fileRef = 38D0810F2A07E9CB00B0DB99 /* MAHeaderView.swift */; };
		38D081132A07F62E00B0DB99 /* MAClientListRow.swift in Sources */ = {isa = PBXBuildFile; fileRef = 38D081122A07F62E00B0DB99 /* MAClientListRow.swift */; };
		38D081162A080EEF00B0DB99 /* MAClientDetailsView.swift in Sources */ = {isa = PBXBuildFile; fileRef = 38D081152A080EEF00B0DB99 /* MAClientDetailsView.swift */; };
		38D081192A08158800B0DB99 /* ClientDetailsServiceRow.swift in Sources */ = {isa = PBXBuildFile; fileRef = 38D081182A08158800B0DB99 /* ClientDetailsServiceRow.swift */; };
		38D0811B2A08191100B0DB99 /* MAClientDetailsViewModel.swift in Sources */ = {isa = PBXBuildFile; fileRef = 38D0811A2A08191100B0DB99 /* MAClientDetailsViewModel.swift */; };
		38D0811D2A081F4800B0DB99 /* MAAlertView.swift in Sources */ = {isa = PBXBuildFile; fileRef = 38D0811C2A081F4800B0DB99 /* MAAlertView.swift */; };
		38D081202A0825A500B0DB99 /* MAEditClientView.swift in Sources */ = {isa = PBXBuildFile; fileRef = 38D0811F2A0825A500B0DB99 /* MAEditClientView.swift */; };
		38D081222A0860ED00B0DB99 /* MAEditClientViewModel.swift in Sources */ = {isa = PBXBuildFile; fileRef = 38D081212A0860ED00B0DB99 /* MAEditClientViewModel.swift */; };
		38D7F7CE29A42ED0009E0A6A /* MeuAtelieAppApp.swift in Sources */ = {isa = PBXBuildFile; fileRef = 38D7F7CD29A42ED0009E0A6A /* MeuAtelieAppApp.swift */; };
		38D7F7D229A42ED2009E0A6A /* Assets.xcassets in Resources */ = {isa = PBXBuildFile; fileRef = 38D7F7D129A42ED2009E0A6A /* Assets.xcassets */; };
		38D7F7D529A42ED2009E0A6A /* Preview Assets.xcassets in Resources */ = {isa = PBXBuildFile; fileRef = 38D7F7D429A42ED2009E0A6A /* Preview Assets.xcassets */; };
		38FB446E2AEABD2D0032CF22 /* CameraPicker.swift in Sources */ = {isa = PBXBuildFile; fileRef = 38FB446D2AEABD2D0032CF22 /* CameraPicker.swift */; };
		38FFE08429DB88FF006D6953 /* MANewPasswordView.swift in Sources */ = {isa = PBXBuildFile; fileRef = 38FFE08329DB88FF006D6953 /* MANewPasswordView.swift */; };
/* End PBXBuildFile section */

/* Begin PBXContainerItemProxy section */
		38D7F7DB29A42ED2009E0A6A /* PBXContainerItemProxy */ = {
			isa = PBXContainerItemProxy;
			containerPortal = 38D7F7C229A42ED0009E0A6A /* Project object */;
			proxyType = 1;
			remoteGlobalIDString = 38D7F7C929A42ED0009E0A6A;
			remoteInfo = MeuAtelieApp;
		};
/* End PBXContainerItemProxy section */

/* Begin PBXFileReference section */
		38063F612A2E86AB00BB72BD /* MARegisterViewModelTests.swift */ = {isa = PBXFileReference; lastKnownFileType = sourcecode.swift; path = MARegisterViewModelTests.swift; sourceTree = "<group>"; };
		38063F6D2A2E8A0E00BB72BD /* MALoginViewModelTests.swift */ = {isa = PBXFileReference; lastKnownFileType = sourcecode.swift; path = MALoginViewModelTests.swift; sourceTree = "<group>"; };
		38063F702A2E8AAC00BB72BD /* MAHomeViewModelTests.swift */ = {isa = PBXFileReference; lastKnownFileType = sourcecode.swift; path = MAHomeViewModelTests.swift; sourceTree = "<group>"; };
		38063F732A2E8B5400BB72BD /* MANewOrderViewModelTests.swift */ = {isa = PBXFileReference; lastKnownFileType = sourcecode.swift; path = MANewOrderViewModelTests.swift; sourceTree = "<group>"; };
		38063F762A2E8C6300BB72BD /* MATailoredOrderFlowMeasurementsViewModelTests.swift */ = {isa = PBXFileReference; lastKnownFileType = sourcecode.swift; path = MATailoredOrderFlowMeasurementsViewModelTests.swift; sourceTree = "<group>"; };
		38063F782A2E8D0C00BB72BD /* MATailoredOrderFlowViewModelTests.swift */ = {isa = PBXFileReference; lastKnownFileType = sourcecode.swift; path = MATailoredOrderFlowViewModelTests.swift; sourceTree = "<group>"; };
		38063F7B2A2E8DA600BB72BD /* MAOrderListRowViewModelTests.swift */ = {isa = PBXFileReference; lastKnownFileType = sourcecode.swift; path = MAOrderListRowViewModelTests.swift; sourceTree = "<group>"; };
		38063F7E2A2E8ECA00BB72BD /* MAProfileViewModelTests.swift */ = {isa = PBXFileReference; lastKnownFileType = sourcecode.swift; path = MAProfileViewModelTests.swift; sourceTree = "<group>"; };
		38063F812A2E8F6300BB72BD /* MANewPasswordViewModelTests.swift */ = {isa = PBXFileReference; lastKnownFileType = sourcecode.swift; path = MANewPasswordViewModelTests.swift; sourceTree = "<group>"; };
		38063F842A2E8FD900BB72BD /* MAClientsViewModelTests.swift */ = {isa = PBXFileReference; lastKnownFileType = sourcecode.swift; path = MAClientsViewModelTests.swift; sourceTree = "<group>"; };
		38063F872A2E905D00BB72BD /* MANewClientViewModelTests.swift */ = {isa = PBXFileReference; lastKnownFileType = sourcecode.swift; path = MANewClientViewModelTests.swift; sourceTree = "<group>"; };
		38063F8A2A2E90B600BB72BD /* MAClientDetailsViewModelTests.swift */ = {isa = PBXFileReference; lastKnownFileType = sourcecode.swift; path = MAClientDetailsViewModelTests.swift; sourceTree = "<group>"; };
		38063F8D2A2E911900BB72BD /* MAEditClientViewModelTests.swift */ = {isa = PBXFileReference; lastKnownFileType = sourcecode.swift; path = MAEditClientViewModelTests.swift; sourceTree = "<group>"; };
		3822E4AC29DB493A00FE8348 /* GoogleService-Info.plist */ = {isa = PBXFileReference; fileEncoding = 4; lastKnownFileType = text.plist.xml; path = "GoogleService-Info.plist"; sourceTree = "<group>"; };
		3822E4B429DB64E400FE8348 /* NetworkManager.swift */ = {isa = PBXFileReference; lastKnownFileType = sourcecode.swift; path = NetworkManager.swift; sourceTree = "<group>"; };
		3822E4B829DB663500FE8348 /* MARegisterView.swift */ = {isa = PBXFileReference; lastKnownFileType = sourcecode.swift; path = MARegisterView.swift; sourceTree = "<group>"; };
		3822E4BB29DB6F9E00FE8348 /* MAProfileView.swift */ = {isa = PBXFileReference; lastKnownFileType = sourcecode.swift; path = MAProfileView.swift; sourceTree = "<group>"; };
		3822E4BE29DB7C8A00FE8348 /* MANewOrder.swift */ = {isa = PBXFileReference; lastKnownFileType = sourcecode.swift; path = MANewOrder.swift; sourceTree = "<group>"; };
		383B718A29AD39E800A465D8 /* MAHomeView.swift */ = {isa = PBXFileReference; lastKnownFileType = sourcecode.swift; path = MAHomeView.swift; sourceTree = "<group>"; };
		383DFBB12A0898C600FC4F42 /* MADropdownMenu.swift */ = {isa = PBXFileReference; lastKnownFileType = sourcecode.swift; path = MADropdownMenu.swift; sourceTree = "<group>"; };
		3853F52C2A070A4D00FD2DB3 /* MAClientsView.swift */ = {isa = PBXFileReference; lastKnownFileType = sourcecode.swift; path = MAClientsView.swift; sourceTree = "<group>"; };
		3853F52E2A0712EA00FD2DB3 /* MAClientsViewModel.swift */ = {isa = PBXFileReference; lastKnownFileType = sourcecode.swift; path = MAClientsViewModel.swift; sourceTree = "<group>"; };
		3853F5312A07145A00FD2DB3 /* MANewClient.swift */ = {isa = PBXFileReference; lastKnownFileType = sourcecode.swift; path = MANewClient.swift; sourceTree = "<group>"; };
		3853F5342A0747A700FD2DB3 /* MAClientModel.swift */ = {isa = PBXFileReference; lastKnownFileType = sourcecode.swift; path = MAClientModel.swift; sourceTree = "<group>"; };
		3853F5362A07480D00FD2DB3 /* MANewClientViewModel.swift */ = {isa = PBXFileReference; lastKnownFileType = sourcecode.swift; path = MANewClientViewModel.swift; sourceTree = "<group>"; };
		3856D25029DFAE8C00D68516 /* MALoginViewModel.swift */ = {isa = PBXFileReference; lastKnownFileType = sourcecode.swift; path = MALoginViewModel.swift; sourceTree = "<group>"; };
		3856D25229DFB29F00D68516 /* MARegisterViewModel.swift */ = {isa = PBXFileReference; lastKnownFileType = sourcecode.swift; path = MARegisterViewModel.swift; sourceTree = "<group>"; };
		3856D25529DFB30100D68516 /* MARegisterModel.swift */ = {isa = PBXFileReference; lastKnownFileType = sourcecode.swift; path = MARegisterModel.swift; sourceTree = "<group>"; };
		3856D25829DFB63500D68516 /* MAHomeViewModel.swift */ = {isa = PBXFileReference; lastKnownFileType = sourcecode.swift; path = MAHomeViewModel.swift; sourceTree = "<group>"; };
		3856D25B29DFB68400D68516 /* MAOrderModel.swift */ = {isa = PBXFileReference; lastKnownFileType = sourcecode.swift; path = MAOrderModel.swift; sourceTree = "<group>"; };
		3856D25E29DFBE4E00D68516 /* MAOrderListRow.swift */ = {isa = PBXFileReference; lastKnownFileType = sourcecode.swift; path = MAOrderListRow.swift; sourceTree = "<group>"; };
		3856D26029E05DAB00D68516 /* MAButton.swift */ = {isa = PBXFileReference; lastKnownFileType = sourcecode.swift; path = MAButton.swift; sourceTree = "<group>"; };
		3856D26229E0619500D68516 /* MAOrderListRowViewModel.swift */ = {isa = PBXFileReference; lastKnownFileType = sourcecode.swift; path = MAOrderListRowViewModel.swift; sourceTree = "<group>"; };
		3856D26429E064B500D68516 /* MANewOrderViewModel.swift */ = {isa = PBXFileReference; lastKnownFileType = sourcecode.swift; path = MANewOrderViewModel.swift; sourceTree = "<group>"; };
		3856D26629E0681E00D68516 /* MAProfileViewModel.swift */ = {isa = PBXFileReference; lastKnownFileType = sourcecode.swift; path = MAProfileViewModel.swift; sourceTree = "<group>"; };
		3856D26829E06C9A00D68516 /* MANewPasswordViewModel.swift */ = {isa = PBXFileReference; lastKnownFileType = sourcecode.swift; path = MANewPasswordViewModel.swift; sourceTree = "<group>"; };
		3856D26A29E0755100D68516 /* View+Ext.swift */ = {isa = PBXFileReference; lastKnownFileType = sourcecode.swift; path = "View+Ext.swift"; sourceTree = "<group>"; };
		3856D26C29E0CD9A00D68516 /* MAErrorView.swift */ = {isa = PBXFileReference; lastKnownFileType = sourcecode.swift; path = MAErrorView.swift; sourceTree = "<group>"; };
		385C97012AAE0AFD00DE0F89 /* MACalendarView.swift */ = {isa = PBXFileReference; lastKnownFileType = sourcecode.swift; path = MACalendarView.swift; sourceTree = "<group>"; };
		385C97032AAE0E8C00DE0F89 /* CalendarView.swift */ = {isa = PBXFileReference; lastKnownFileType = sourcecode.swift; path = CalendarView.swift; sourceTree = "<group>"; };
		385C97052AAE17C000DE0F89 /* MACalendarViewModel.swift */ = {isa = PBXFileReference; lastKnownFileType = sourcecode.swift; path = MACalendarViewModel.swift; sourceTree = "<group>"; };
		385C97072AAE1C5A00DE0F89 /* Date+Ext.swift */ = {isa = PBXFileReference; lastKnownFileType = sourcecode.swift; path = "Date+Ext.swift"; sourceTree = "<group>"; };
		386D92BA2A5894AA004181EE /* MAStrings.swift */ = {isa = PBXFileReference; lastKnownFileType = sourcecode.swift; path = MAStrings.swift; sourceTree = "<group>"; };
		386D92BC2A58A7A4004181EE /* MANavigationRoutes.swift */ = {isa = PBXFileReference; lastKnownFileType = sourcecode.swift; path = MANavigationRoutes.swift; sourceTree = "<group>"; };
		3872D64029ABFC65001F180D /* MeuAtelieLaunchScreen.storyboard */ = {isa = PBXFileReference; lastKnownFileType = file.storyboard; path = MeuAtelieLaunchScreen.storyboard; sourceTree = "<group>"; };
		3872D64229ABFCA7001F180D /* Colors.xcassets */ = {isa = PBXFileReference; lastKnownFileType = folder.assetcatalog; path = Colors.xcassets; sourceTree = "<group>"; };
		3872D64529AC04F2001F180D /* MALoginView.swift */ = {isa = PBXFileReference; lastKnownFileType = sourcecode.swift; path = MALoginView.swift; sourceTree = "<group>"; };
		387F26522A096BFD00DC9BB9 /* MATailoredOrderFlowView.swift */ = {isa = PBXFileReference; lastKnownFileType = sourcecode.swift; path = MATailoredOrderFlowView.swift; sourceTree = "<group>"; };
		387F26542A0976A100DC9BB9 /* MATailoredOrderFlowViewModel.swift */ = {isa = PBXFileReference; lastKnownFileType = sourcecode.swift; path = MATailoredOrderFlowViewModel.swift; sourceTree = "<group>"; };
		387F26562A09808A00DC9BB9 /* MATailoredOrderFlowMeasurementsView.swift */ = {isa = PBXFileReference; lastKnownFileType = sourcecode.swift; path = MATailoredOrderFlowMeasurementsView.swift; sourceTree = "<group>"; };
		387F26582A0980C000DC9BB9 /* MATailoredOrderFlowMeasurementsViewModel.swift */ = {isa = PBXFileReference; lastKnownFileType = sourcecode.swift; path = MATailoredOrderFlowMeasurementsViewModel.swift; sourceTree = "<group>"; };
		388A076B29AEC4EF00FCE962 /* MATextField.swift */ = {isa = PBXFileReference; lastKnownFileType = sourcecode.swift; path = MATextField.swift; sourceTree = "<group>"; };
		388A076E29AEC55D00FCE962 /* Colors+Ext.swift */ = {isa = PBXFileReference; lastKnownFileType = sourcecode.swift; path = "Colors+Ext.swift"; sourceTree = "<group>"; };
		388A077029AECD6500FCE962 /* Image+Ext.swift */ = {isa = PBXFileReference; lastKnownFileType = sourcecode.swift; path = "Image+Ext.swift"; sourceTree = "<group>"; };
		389951CC2A526F3B007D87FB /* MAOrderDetailsView.swift */ = {isa = PBXFileReference; lastKnownFileType = sourcecode.swift; path = MAOrderDetailsView.swift; sourceTree = "<group>"; };
		389951CE2A526F4F007D87FB /* MAOrderDetailsViewModel.swift */ = {isa = PBXFileReference; lastKnownFileType = sourcecode.swift; path = MAOrderDetailsViewModel.swift; sourceTree = "<group>"; };
		38A5601E29A4589900969AA4 /* Info.plist */ = {isa = PBXFileReference; lastKnownFileType = text.plist; path = Info.plist; sourceTree = "<group>"; };
		38AAFD892AE6AF8F00740E3E /* MAImportClientsView.swift */ = {isa = PBXFileReference; lastKnownFileType = sourcecode.swift; path = MAImportClientsView.swift; sourceTree = "<group>"; };
		38BCFD2B2A5248C5004A050B /* MAFixesOrderFlowView.swift */ = {isa = PBXFileReference; lastKnownFileType = sourcecode.swift; path = MAFixesOrderFlowView.swift; sourceTree = "<group>"; };
		38BCFD2D2A5248CE004A050B /* MAFixesOrderFlowViewModel.swift */ = {isa = PBXFileReference; lastKnownFileType = sourcecode.swift; path = MAFixesOrderFlowViewModel.swift; sourceTree = "<group>"; };
		38D0810F2A07E9CB00B0DB99 /* MAHeaderView.swift */ = {isa = PBXFileReference; lastKnownFileType = sourcecode.swift; path = MAHeaderView.swift; sourceTree = "<group>"; };
		38D081122A07F62E00B0DB99 /* MAClientListRow.swift */ = {isa = PBXFileReference; lastKnownFileType = sourcecode.swift; path = MAClientListRow.swift; sourceTree = "<group>"; };
		38D081152A080EEF00B0DB99 /* MAClientDetailsView.swift */ = {isa = PBXFileReference; lastKnownFileType = sourcecode.swift; path = MAClientDetailsView.swift; sourceTree = "<group>"; };
		38D081182A08158800B0DB99 /* ClientDetailsServiceRow.swift */ = {isa = PBXFileReference; lastKnownFileType = sourcecode.swift; path = ClientDetailsServiceRow.swift; sourceTree = "<group>"; };
		38D0811A2A08191100B0DB99 /* MAClientDetailsViewModel.swift */ = {isa = PBXFileReference; lastKnownFileType = sourcecode.swift; path = MAClientDetailsViewModel.swift; sourceTree = "<group>"; };
		38D0811C2A081F4800B0DB99 /* MAAlertView.swift */ = {isa = PBXFileReference; lastKnownFileType = sourcecode.swift; path = MAAlertView.swift; sourceTree = "<group>"; };
		38D0811F2A0825A500B0DB99 /* MAEditClientView.swift */ = {isa = PBXFileReference; lastKnownFileType = sourcecode.swift; path = MAEditClientView.swift; sourceTree = "<group>"; };
		38D081212A0860ED00B0DB99 /* MAEditClientViewModel.swift */ = {isa = PBXFileReference; lastKnownFileType = sourcecode.swift; path = MAEditClientViewModel.swift; sourceTree = "<group>"; };
		38D7F7CA29A42ED0009E0A6A /* MeuAtelieApp.app */ = {isa = PBXFileReference; explicitFileType = wrapper.application; includeInIndex = 0; path = MeuAtelieApp.app; sourceTree = BUILT_PRODUCTS_DIR; };
		38D7F7CD29A42ED0009E0A6A /* MeuAtelieAppApp.swift */ = {isa = PBXFileReference; lastKnownFileType = sourcecode.swift; path = MeuAtelieAppApp.swift; sourceTree = "<group>"; };
		38D7F7D129A42ED2009E0A6A /* Assets.xcassets */ = {isa = PBXFileReference; lastKnownFileType = folder.assetcatalog; path = Assets.xcassets; sourceTree = "<group>"; };
		38D7F7D429A42ED2009E0A6A /* Preview Assets.xcassets */ = {isa = PBXFileReference; lastKnownFileType = folder.assetcatalog; path = "Preview Assets.xcassets"; sourceTree = "<group>"; };
		38D7F7DA29A42ED2009E0A6A /* MeuAtelieAppTests.xctest */ = {isa = PBXFileReference; explicitFileType = wrapper.cfbundle; includeInIndex = 0; path = MeuAtelieAppTests.xctest; sourceTree = BUILT_PRODUCTS_DIR; };
		38FB446D2AEABD2D0032CF22 /* CameraPicker.swift */ = {isa = PBXFileReference; lastKnownFileType = sourcecode.swift; path = CameraPicker.swift; sourceTree = "<group>"; };
		38FFE08329DB88FF006D6953 /* MANewPasswordView.swift */ = {isa = PBXFileReference; lastKnownFileType = sourcecode.swift; path = MANewPasswordView.swift; sourceTree = "<group>"; };
/* End PBXFileReference section */

/* Begin PBXFrameworksBuildPhase section */
		38D7F7C729A42ED0009E0A6A /* Frameworks */ = {
			isa = PBXFrameworksBuildPhase;
			buildActionMask = 2147483647;
			files = (
				3822E4B029DB4A7200FE8348 /* FirebaseAuth in Frameworks */,
				3822E4B229DB4A7200FE8348 /* FirebaseFirestore in Frameworks */,
			);
			runOnlyForDeploymentPostprocessing = 0;
		};
		38D7F7D729A42ED2009E0A6A /* Frameworks */ = {
			isa = PBXFrameworksBuildPhase;
			buildActionMask = 2147483647;
			files = (
				38063F652A2E878200BB72BD /* FirebaseAuth in Frameworks */,
				38063F672A2E878B00BB72BD /* FirebaseFirestore in Frameworks */,
			);
			runOnlyForDeploymentPostprocessing = 0;
		};
/* End PBXFrameworksBuildPhase section */

/* Begin PBXGroup section */
		38063F602A2E867F00BB72BD /* Register */ = {
			isa = PBXGroup;
			children = (
				38063F612A2E86AB00BB72BD /* MARegisterViewModelTests.swift */,
			);
			path = Register;
			sourceTree = "<group>";
		};
		38063F632A2E878200BB72BD /* Frameworks */ = {
			isa = PBXGroup;
			children = (
			);
			name = Frameworks;
			sourceTree = "<group>";
		};
		38063F6C2A2E89FE00BB72BD /* Login */ = {
			isa = PBXGroup;
			children = (
				38063F6D2A2E8A0E00BB72BD /* MALoginViewModelTests.swift */,
			);
			path = Login;
			sourceTree = "<group>";
		};
		38063F6F2A2E8A9400BB72BD /* Home */ = {
			isa = PBXGroup;
			children = (
				38063F7A2A2E8D9600BB72BD /* OrderListRow */,
				38063F722A2E8B2C00BB72BD /* NewOrder */,
				38063F702A2E8AAC00BB72BD /* MAHomeViewModelTests.swift */,
			);
			path = Home;
			sourceTree = "<group>";
		};
		38063F722A2E8B2C00BB72BD /* NewOrder */ = {
			isa = PBXGroup;
			children = (
				38063F752A2E8C5100BB72BD /* TailoredOrderFlow */,
				38063F732A2E8B5400BB72BD /* MANewOrderViewModelTests.swift */,
			);
			path = NewOrder;
			sourceTree = "<group>";
		};
		38063F752A2E8C5100BB72BD /* TailoredOrderFlow */ = {
			isa = PBXGroup;
			children = (
				38063F762A2E8C6300BB72BD /* MATailoredOrderFlowMeasurementsViewModelTests.swift */,
				38063F782A2E8D0C00BB72BD /* MATailoredOrderFlowViewModelTests.swift */,
			);
			path = TailoredOrderFlow;
			sourceTree = "<group>";
		};
		38063F7A2A2E8D9600BB72BD /* OrderListRow */ = {
			isa = PBXGroup;
			children = (
				38063F7B2A2E8DA600BB72BD /* MAOrderListRowViewModelTests.swift */,
			);
			path = OrderListRow;
			sourceTree = "<group>";
		};
		38063F7D2A2E8EBC00BB72BD /* Profile */ = {
			isa = PBXGroup;
			children = (
				38063F802A2E8F5900BB72BD /* ChangePassword */,
				38063F7E2A2E8ECA00BB72BD /* MAProfileViewModelTests.swift */,
			);
			path = Profile;
			sourceTree = "<group>";
		};
		38063F802A2E8F5900BB72BD /* ChangePassword */ = {
			isa = PBXGroup;
			children = (
				38063F812A2E8F6300BB72BD /* MANewPasswordViewModelTests.swift */,
			);
			path = ChangePassword;
			sourceTree = "<group>";
		};
		38063F832A2E8FC400BB72BD /* Clients */ = {
			isa = PBXGroup;
			children = (
				38063F8C2A2E911000BB72BD /* Edit */,
				38063F892A2E90A200BB72BD /* Details */,
				38063F862A2E904C00BB72BD /* NewClient */,
				38063F842A2E8FD900BB72BD /* MAClientsViewModelTests.swift */,
			);
			path = Clients;
			sourceTree = "<group>";
		};
		38063F862A2E904C00BB72BD /* NewClient */ = {
			isa = PBXGroup;
			children = (
				38063F872A2E905D00BB72BD /* MANewClientViewModelTests.swift */,
			);
			path = NewClient;
			sourceTree = "<group>";
		};
		38063F892A2E90A200BB72BD /* Details */ = {
			isa = PBXGroup;
			children = (
				38063F8A2A2E90B600BB72BD /* MAClientDetailsViewModelTests.swift */,
			);
			path = Details;
			sourceTree = "<group>";
		};
		38063F8C2A2E911000BB72BD /* Edit */ = {
			isa = PBXGroup;
			children = (
				38063F8D2A2E911900BB72BD /* MAEditClientViewModelTests.swift */,
			);
			path = Edit;
			sourceTree = "<group>";
		};
		3822E4B329DB64D400FE8348 /* MeuAtelieNetworking */ = {
			isa = PBXGroup;
			children = (
				3856D25429DFB2E200D68516 /* Models */,
				3822E4B429DB64E400FE8348 /* NetworkManager.swift */,
			);
			path = MeuAtelieNetworking;
			sourceTree = "<group>";
		};
		3822E4B629DB661000FE8348 /* Register */ = {
			isa = PBXGroup;
			children = (
				3822E4B829DB663500FE8348 /* MARegisterView.swift */,
				3856D25229DFB29F00D68516 /* MARegisterViewModel.swift */,
			);
			path = Register;
			sourceTree = "<group>";
		};
		3822E4B729DB661F00FE8348 /* Views */ = {
			isa = PBXGroup;
			children = (
				3872D63F29ABFC45001F180D /* LaunchScreen */,
				3822E4B629DB661000FE8348 /* Register */,
				3872D64429AC04D8001F180D /* Login */,
				383B718929AD39D800A465D8 /* Home */,
				3822E4BA29DB6F8F00FE8348 /* Profile */,
				3853F52B2A070A0300FD2DB3 /* Clients */,
				385C97002AAE0AE200DE0F89 /* Calendar */,
			);
			path = Views;
			sourceTree = "<group>";
		};
		3822E4BA29DB6F8F00FE8348 /* Profile */ = {
			isa = PBXGroup;
			children = (
				38FFE08229DB88EE006D6953 /* ChangePassword */,
				3822E4BB29DB6F9E00FE8348 /* MAProfileView.swift */,
				3856D26629E0681E00D68516 /* MAProfileViewModel.swift */,
			);
			path = Profile;
			sourceTree = "<group>";
		};
		3822E4BD29DB7C7F00FE8348 /* NewOrder */ = {
			isa = PBXGroup;
			children = (
				387F26512A096B5E00DC9BB9 /* TailoredOrderFlow */,
				38BCFD2A2A5248B4004A050B /* FixesOrderFlow */,
				3822E4BE29DB7C8A00FE8348 /* MANewOrder.swift */,
				3856D26429E064B500D68516 /* MANewOrderViewModel.swift */,
			);
			path = NewOrder;
			sourceTree = "<group>";
		};
		383B718929AD39D800A465D8 /* Home */ = {
			isa = PBXGroup;
			children = (
				389951CB2A526F2F007D87FB /* OrderDetails */,
				3856D25D29DFBE1900D68516 /* OrderListRow */,
				3822E4BD29DB7C7F00FE8348 /* NewOrder */,
				383B718A29AD39E800A465D8 /* MAHomeView.swift */,
				3856D25829DFB63500D68516 /* MAHomeViewModel.swift */,
			);
			path = Home;
			sourceTree = "<group>";
		};
		3853F52B2A070A0300FD2DB3 /* Clients */ = {
			isa = PBXGroup;
			children = (
				38D0811E2A08256C00B0DB99 /* Edit */,
				38D081142A080EDA00B0DB99 /* Details */,
				38D081112A07F60800B0DB99 /* ListRow */,
				3853F5302A07141100FD2DB3 /* NewClient */,
				38AAFD882AE6AF7B00740E3E /* ImportClients */,
				3853F52C2A070A4D00FD2DB3 /* MAClientsView.swift */,
				3853F52E2A0712EA00FD2DB3 /* MAClientsViewModel.swift */,
			);
			path = Clients;
			sourceTree = "<group>";
		};
		3853F5302A07141100FD2DB3 /* NewClient */ = {
			isa = PBXGroup;
			children = (
				3853F5312A07145A00FD2DB3 /* MANewClient.swift */,
				3853F5362A07480D00FD2DB3 /* MANewClientViewModel.swift */,
			);
			path = NewClient;
			sourceTree = "<group>";
		};
		3853F5332A07476A00FD2DB3 /* Clients */ = {
			isa = PBXGroup;
			children = (
				3853F5342A0747A700FD2DB3 /* MAClientModel.swift */,
			);
			path = Clients;
			sourceTree = "<group>";
		};
		3856D25429DFB2E200D68516 /* Models */ = {
			isa = PBXGroup;
			children = (
				3853F5332A07476A00FD2DB3 /* Clients */,
				3856D25A29DFB66D00D68516 /* Orders */,
				3856D25729DFB31400D68516 /* Register */,
			);
			path = Models;
			sourceTree = "<group>";
		};
		3856D25729DFB31400D68516 /* Register */ = {
			isa = PBXGroup;
			children = (
				3856D25529DFB30100D68516 /* MARegisterModel.swift */,
			);
			path = Register;
			sourceTree = "<group>";
		};
		3856D25A29DFB66D00D68516 /* Orders */ = {
			isa = PBXGroup;
			children = (
				3856D25B29DFB68400D68516 /* MAOrderModel.swift */,
			);
			path = Orders;
			sourceTree = "<group>";
		};
		3856D25D29DFBE1900D68516 /* OrderListRow */ = {
			isa = PBXGroup;
			children = (
				3856D25E29DFBE4E00D68516 /* MAOrderListRow.swift */,
				3856D26229E0619500D68516 /* MAOrderListRowViewModel.swift */,
			);
			path = OrderListRow;
			sourceTree = "<group>";
		};
		385C97002AAE0AE200DE0F89 /* Calendar */ = {
			isa = PBXGroup;
			children = (
				385C97012AAE0AFD00DE0F89 /* MACalendarView.swift */,
				385C97052AAE17C000DE0F89 /* MACalendarViewModel.swift */,
			);
			path = Calendar;
			sourceTree = "<group>";
		};
		3872D63E29ABFC1F001F180D /* MeuAtelieUI */ = {
			isa = PBXGroup;
			children = (
				387F265A2A098CDC00DC9BB9 /* Helpers */,
				388A076A29AEC4BD00FCE962 /* Common */,
				3822E4B729DB661F00FE8348 /* Views */,
			);
			path = MeuAtelieUI;
			sourceTree = "<group>";
		};
		3872D63F29ABFC45001F180D /* LaunchScreen */ = {
			isa = PBXGroup;
			children = (
				3872D64029ABFC65001F180D /* MeuAtelieLaunchScreen.storyboard */,
			);
			path = LaunchScreen;
			sourceTree = "<group>";
		};
		3872D64429AC04D8001F180D /* Login */ = {
			isa = PBXGroup;
			children = (
				3872D64529AC04F2001F180D /* MALoginView.swift */,
				3856D25029DFAE8C00D68516 /* MALoginViewModel.swift */,
			);
			path = Login;
			sourceTree = "<group>";
		};
		387F26512A096B5E00DC9BB9 /* TailoredOrderFlow */ = {
			isa = PBXGroup;
			children = (
				387F26522A096BFD00DC9BB9 /* MATailoredOrderFlowView.swift */,
				387F26542A0976A100DC9BB9 /* MATailoredOrderFlowViewModel.swift */,
				387F26562A09808A00DC9BB9 /* MATailoredOrderFlowMeasurementsView.swift */,
				387F26582A0980C000DC9BB9 /* MATailoredOrderFlowMeasurementsViewModel.swift */,
			);
			path = TailoredOrderFlow;
			sourceTree = "<group>";
		};
		387F265A2A098CDC00DC9BB9 /* Helpers */ = {
			isa = PBXGroup;
			children = (
				386D92BA2A5894AA004181EE /* MAStrings.swift */,
				386D92BC2A58A7A4004181EE /* MANavigationRoutes.swift */,
			);
			path = Helpers;
			sourceTree = "<group>";
		};
		388A076A29AEC4BD00FCE962 /* Common */ = {
			isa = PBXGroup;
			children = (
				388A076D29AEC55300FCE962 /* Extensions */,
				388A076B29AEC4EF00FCE962 /* MATextField.swift */,
				3856D26029E05DAB00D68516 /* MAButton.swift */,
				3856D26C29E0CD9A00D68516 /* MAErrorView.swift */,
				38D0810F2A07E9CB00B0DB99 /* MAHeaderView.swift */,
				38D0811C2A081F4800B0DB99 /* MAAlertView.swift */,
				383DFBB12A0898C600FC4F42 /* MADropdownMenu.swift */,
				385C97032AAE0E8C00DE0F89 /* CalendarView.swift */,
				38FB446D2AEABD2D0032CF22 /* CameraPicker.swift */,
			);
			path = Common;
			sourceTree = "<group>";
		};
		388A076D29AEC55300FCE962 /* Extensions */ = {
			isa = PBXGroup;
			children = (
				388A076E29AEC55D00FCE962 /* Colors+Ext.swift */,
				388A077029AECD6500FCE962 /* Image+Ext.swift */,
				3856D26A29E0755100D68516 /* View+Ext.swift */,
				385C97072AAE1C5A00DE0F89 /* Date+Ext.swift */,
			);
			path = Extensions;
			sourceTree = "<group>";
		};
		389951CB2A526F2F007D87FB /* OrderDetails */ = {
			isa = PBXGroup;
			children = (
				389951CC2A526F3B007D87FB /* MAOrderDetailsView.swift */,
				389951CE2A526F4F007D87FB /* MAOrderDetailsViewModel.swift */,
			);
			path = OrderDetails;
			sourceTree = "<group>";
		};
		38AAFD882AE6AF7B00740E3E /* ImportClients */ = {
			isa = PBXGroup;
			children = (
				38AAFD892AE6AF8F00740E3E /* MAImportClientsView.swift */,
			);
			path = ImportClients;
			sourceTree = "<group>";
		};
		38BCFD2A2A5248B4004A050B /* FixesOrderFlow */ = {
			isa = PBXGroup;
			children = (
				38BCFD2B2A5248C5004A050B /* MAFixesOrderFlowView.swift */,
				38BCFD2D2A5248CE004A050B /* MAFixesOrderFlowViewModel.swift */,
			);
			path = FixesOrderFlow;
			sourceTree = "<group>";
		};
		38D081112A07F60800B0DB99 /* ListRow */ = {
			isa = PBXGroup;
			children = (
				38D081122A07F62E00B0DB99 /* MAClientListRow.swift */,
			);
			path = ListRow;
			sourceTree = "<group>";
		};
		38D081142A080EDA00B0DB99 /* Details */ = {
			isa = PBXGroup;
			children = (
				38D081172A08157900B0DB99 /* ClientDetailsServiceRow */,
				38D081152A080EEF00B0DB99 /* MAClientDetailsView.swift */,
				38D0811A2A08191100B0DB99 /* MAClientDetailsViewModel.swift */,
			);
			path = Details;
			sourceTree = "<group>";
		};
		38D081172A08157900B0DB99 /* ClientDetailsServiceRow */ = {
			isa = PBXGroup;
			children = (
				38D081182A08158800B0DB99 /* ClientDetailsServiceRow.swift */,
			);
			path = ClientDetailsServiceRow;
			sourceTree = "<group>";
		};
		38D0811E2A08256C00B0DB99 /* Edit */ = {
			isa = PBXGroup;
			children = (
				38D0811F2A0825A500B0DB99 /* MAEditClientView.swift */,
				38D081212A0860ED00B0DB99 /* MAEditClientViewModel.swift */,
			);
			path = Edit;
			sourceTree = "<group>";
		};
		38D7F7C129A42ED0009E0A6A = {
			isa = PBXGroup;
			children = (
				38D7F7CC29A42ED0009E0A6A /* MeuAtelieApp */,
				38D7F7DD29A42ED2009E0A6A /* MeuAtelieAppTests */,
				38D7F7CB29A42ED0009E0A6A /* Products */,
				38063F632A2E878200BB72BD /* Frameworks */,
			);
			sourceTree = "<group>";
		};
		38D7F7CB29A42ED0009E0A6A /* Products */ = {
			isa = PBXGroup;
			children = (
				38D7F7CA29A42ED0009E0A6A /* MeuAtelieApp.app */,
				38D7F7DA29A42ED2009E0A6A /* MeuAtelieAppTests.xctest */,
			);
			name = Products;
			sourceTree = "<group>";
		};
		38D7F7CC29A42ED0009E0A6A /* MeuAtelieApp */ = {
			isa = PBXGroup;
			children = (
				3822E4B329DB64D400FE8348 /* MeuAtelieNetworking */,
				3872D63E29ABFC1F001F180D /* MeuAtelieUI */,
				38A5601E29A4589900969AA4 /* Info.plist */,
				38D7F7CD29A42ED0009E0A6A /* MeuAtelieAppApp.swift */,
				38D7F7D129A42ED2009E0A6A /* Assets.xcassets */,
				3872D64229ABFCA7001F180D /* Colors.xcassets */,
				3822E4AC29DB493A00FE8348 /* GoogleService-Info.plist */,
				38D7F7D329A42ED2009E0A6A /* Preview Content */,
			);
			path = MeuAtelieApp;
			sourceTree = "<group>";
		};
		38D7F7D329A42ED2009E0A6A /* Preview Content */ = {
			isa = PBXGroup;
			children = (
				38D7F7D429A42ED2009E0A6A /* Preview Assets.xcassets */,
			);
			path = "Preview Content";
			sourceTree = "<group>";
		};
		38D7F7DD29A42ED2009E0A6A /* MeuAtelieAppTests */ = {
			isa = PBXGroup;
			children = (
				38063F602A2E867F00BB72BD /* Register */,
				38063F6C2A2E89FE00BB72BD /* Login */,
				38063F6F2A2E8A9400BB72BD /* Home */,
				38063F7D2A2E8EBC00BB72BD /* Profile */,
				38063F832A2E8FC400BB72BD /* Clients */,
			);
			path = MeuAtelieAppTests;
			sourceTree = "<group>";
		};
		38FFE08229DB88EE006D6953 /* ChangePassword */ = {
			isa = PBXGroup;
			children = (
				38FFE08329DB88FF006D6953 /* MANewPasswordView.swift */,
				3856D26829E06C9A00D68516 /* MANewPasswordViewModel.swift */,
			);
			path = ChangePassword;
			sourceTree = "<group>";
		};
/* End PBXGroup section */

/* Begin PBXNativeTarget section */
		38D7F7C929A42ED0009E0A6A /* MeuAtelieApp */ = {
			isa = PBXNativeTarget;
			buildConfigurationList = 38D7F7EE29A42ED2009E0A6A /* Build configuration list for PBXNativeTarget "MeuAtelieApp" */;
			buildPhases = (
				38D7F7C629A42ED0009E0A6A /* Sources */,
				38D7F7C729A42ED0009E0A6A /* Frameworks */,
				38D7F7C829A42ED0009E0A6A /* Resources */,
			);
			buildRules = (
			);
			dependencies = (
			);
			name = MeuAtelieApp;
			packageProductDependencies = (
				3822E4AF29DB4A7200FE8348 /* FirebaseAuth */,
				3822E4B129DB4A7200FE8348 /* FirebaseFirestore */,
			);
			productName = MeuAtelieApp;
			productReference = 38D7F7CA29A42ED0009E0A6A /* MeuAtelieApp.app */;
			productType = "com.apple.product-type.application";
		};
		38D7F7D929A42ED2009E0A6A /* MeuAtelieAppTests */ = {
			isa = PBXNativeTarget;
			buildConfigurationList = 38D7F7F129A42ED2009E0A6A /* Build configuration list for PBXNativeTarget "MeuAtelieAppTests" */;
			buildPhases = (
				38D7F7D629A42ED2009E0A6A /* Sources */,
				38D7F7D729A42ED2009E0A6A /* Frameworks */,
				38D7F7D829A42ED2009E0A6A /* Resources */,
			);
			buildRules = (
			);
			dependencies = (
				38063F6B2A2E87BD00BB72BD /* PBXTargetDependency */,
				38063F692A2E87B900BB72BD /* PBXTargetDependency */,
				38D7F7DC29A42ED2009E0A6A /* PBXTargetDependency */,
			);
			name = MeuAtelieAppTests;
			packageProductDependencies = (
				38063F642A2E878200BB72BD /* FirebaseAuth */,
				38063F662A2E878B00BB72BD /* FirebaseFirestore */,
			);
			productName = MeuAtelieAppTests;
			productReference = 38D7F7DA29A42ED2009E0A6A /* MeuAtelieAppTests.xctest */;
			productType = "com.apple.product-type.bundle.unit-test";
		};
/* End PBXNativeTarget section */

/* Begin PBXProject section */
		38D7F7C229A42ED0009E0A6A /* Project object */ = {
			isa = PBXProject;
			attributes = {
				BuildIndependentTargetsInParallel = 1;
				LastSwiftUpdateCheck = 1400;
				LastUpgradeCheck = 1500;
				TargetAttributes = {
					38D7F7C929A42ED0009E0A6A = {
						CreatedOnToolsVersion = 14.0.1;
					};
					38D7F7D929A42ED2009E0A6A = {
						CreatedOnToolsVersion = 14.0.1;
						TestTargetID = 38D7F7C929A42ED0009E0A6A;
					};
				};
			};
			buildConfigurationList = 38D7F7C529A42ED0009E0A6A /* Build configuration list for PBXProject "MeuAtelieApp" */;
			compatibilityVersion = "Xcode 14.0";
			developmentRegion = en;
			hasScannedForEncodings = 0;
			knownRegions = (
				en,
				Base,
			);
			mainGroup = 38D7F7C129A42ED0009E0A6A;
			packageReferences = (
				3822E4AE29DB4A7200FE8348 /* XCRemoteSwiftPackageReference "firebase-ios-sdk" */,
			);
			productRefGroup = 38D7F7CB29A42ED0009E0A6A /* Products */;
			projectDirPath = "";
			projectRoot = "";
			targets = (
				38D7F7C929A42ED0009E0A6A /* MeuAtelieApp */,
				38D7F7D929A42ED2009E0A6A /* MeuAtelieAppTests */,
			);
		};
/* End PBXProject section */

/* Begin PBXResourcesBuildPhase section */
		38D7F7C829A42ED0009E0A6A /* Resources */ = {
			isa = PBXResourcesBuildPhase;
			buildActionMask = 2147483647;
			files = (
				38D7F7D529A42ED2009E0A6A /* Preview Assets.xcassets in Resources */,
				3872D64329ABFCA7001F180D /* Colors.xcassets in Resources */,
				3822E4AD29DB493A00FE8348 /* GoogleService-Info.plist in Resources */,
				38D7F7D229A42ED2009E0A6A /* Assets.xcassets in Resources */,
				3872D64129ABFC65001F180D /* MeuAtelieLaunchScreen.storyboard in Resources */,
			);
			runOnlyForDeploymentPostprocessing = 0;
		};
		38D7F7D829A42ED2009E0A6A /* Resources */ = {
			isa = PBXResourcesBuildPhase;
			buildActionMask = 2147483647;
			files = (
			);
			runOnlyForDeploymentPostprocessing = 0;
		};
/* End PBXResourcesBuildPhase section */

/* Begin PBXSourcesBuildPhase section */
		38D7F7C629A42ED0009E0A6A /* Sources */ = {
			isa = PBXSourcesBuildPhase;
			buildActionMask = 2147483647;
			files = (
				3856D26529E064B500D68516 /* MANewOrderViewModel.swift in Sources */,
				3856D25929DFB63500D68516 /* MAHomeViewModel.swift in Sources */,
				385C97022AAE0AFD00DE0F89 /* MACalendarView.swift in Sources */,
				38D0811B2A08191100B0DB99 /* MAClientDetailsViewModel.swift in Sources */,
				387F26532A096BFD00DC9BB9 /* MATailoredOrderFlowView.swift in Sources */,
				38D081162A080EEF00B0DB99 /* MAClientDetailsView.swift in Sources */,
				38AAFD8A2AE6AF8F00740E3E /* MAImportClientsView.swift in Sources */,
				3856D25629DFB30100D68516 /* MARegisterModel.swift in Sources */,
				38BCFD2E2A5248CE004A050B /* MAFixesOrderFlowViewModel.swift in Sources */,
				3853F5322A07145A00FD2DB3 /* MANewClient.swift in Sources */,
				38FFE08429DB88FF006D6953 /* MANewPasswordView.swift in Sources */,
				388A076F29AEC55D00FCE962 /* Colors+Ext.swift in Sources */,
				3872D64629AC04F2001F180D /* MALoginView.swift in Sources */,
				38D7F7CE29A42ED0009E0A6A /* MeuAtelieAppApp.swift in Sources */,
				386D92BD2A58A7A4004181EE /* MANavigationRoutes.swift in Sources */,
				3853F52D2A070A4D00FD2DB3 /* MAClientsView.swift in Sources */,
				385C97082AAE1C5A00DE0F89 /* Date+Ext.swift in Sources */,
				3856D25129DFAE8C00D68516 /* MALoginViewModel.swift in Sources */,
				3853F5372A07480D00FD2DB3 /* MANewClientViewModel.swift in Sources */,
				389951CD2A526F3B007D87FB /* MAOrderDetailsView.swift in Sources */,
				386D92BB2A5894AA004181EE /* MAStrings.swift in Sources */,
				3822E4B529DB64E400FE8348 /* NetworkManager.swift in Sources */,
				3856D26729E0681E00D68516 /* MAProfileViewModel.swift in Sources */,
				387F26592A0980C000DC9BB9 /* MATailoredOrderFlowMeasurementsViewModel.swift in Sources */,
				389951CF2A526F4F007D87FB /* MAOrderDetailsViewModel.swift in Sources */,
				3856D25C29DFB68400D68516 /* MAOrderModel.swift in Sources */,
				383B718B29AD39E800A465D8 /* MAHomeView.swift in Sources */,
				3856D26B29E0755100D68516 /* View+Ext.swift in Sources */,
				38BCFD2C2A5248C5004A050B /* MAFixesOrderFlowView.swift in Sources */,
				387F26572A09808A00DC9BB9 /* MATailoredOrderFlowMeasurementsView.swift in Sources */,
				3856D26329E0619500D68516 /* MAOrderListRowViewModel.swift in Sources */,
				38D081202A0825A500B0DB99 /* MAEditClientView.swift in Sources */,
				385C97042AAE0E8C00DE0F89 /* CalendarView.swift in Sources */,
				3822E4BC29DB6F9E00FE8348 /* MAProfileView.swift in Sources */,
				38D081132A07F62E00B0DB99 /* MAClientListRow.swift in Sources */,
				3856D25F29DFBE4E00D68516 /* MAOrderListRow.swift in Sources */,
				3856D25329DFB29F00D68516 /* MARegisterViewModel.swift in Sources */,
				3822E4B929DB663500FE8348 /* MARegisterView.swift in Sources */,
				3853F52F2A0712EA00FD2DB3 /* MAClientsViewModel.swift in Sources */,
				38D081222A0860ED00B0DB99 /* MAEditClientViewModel.swift in Sources */,
				3822E4BF29DB7C8A00FE8348 /* MANewOrder.swift in Sources */,
				3856D26929E06C9A00D68516 /* MANewPasswordViewModel.swift in Sources */,
				3856D26129E05DAB00D68516 /* MAButton.swift in Sources */,
				3853F5352A0747A700FD2DB3 /* MAClientModel.swift in Sources */,
				385C97062AAE17C000DE0F89 /* MACalendarViewModel.swift in Sources */,
				383DFBB22A0898C600FC4F42 /* MADropdownMenu.swift in Sources */,
				38D0811D2A081F4800B0DB99 /* MAAlertView.swift in Sources */,
				388A076C29AEC4EF00FCE962 /* MATextField.swift in Sources */,
				387F26552A0976A100DC9BB9 /* MATailoredOrderFlowViewModel.swift in Sources */,
				38D081102A07E9CB00B0DB99 /* MAHeaderView.swift in Sources */,
				388A077129AECD6500FCE962 /* Image+Ext.swift in Sources */,
				3856D26D29E0CD9A00D68516 /* MAErrorView.swift in Sources */,
				38FB446E2AEABD2D0032CF22 /* CameraPicker.swift in Sources */,
				38D081192A08158800B0DB99 /* ClientDetailsServiceRow.swift in Sources */,
			);
			runOnlyForDeploymentPostprocessing = 0;
		};
		38D7F7D629A42ED2009E0A6A /* Sources */ = {
			isa = PBXSourcesBuildPhase;
			buildActionMask = 2147483647;
			files = (
				38063F772A2E8C6300BB72BD /* MATailoredOrderFlowMeasurementsViewModelTests.swift in Sources */,
				38063F742A2E8B5400BB72BD /* MANewOrderViewModelTests.swift in Sources */,
				38063F8E2A2E911900BB72BD /* MAEditClientViewModelTests.swift in Sources */,
				38063F6E2A2E8A0E00BB72BD /* MALoginViewModelTests.swift in Sources */,
				38063F852A2E8FD900BB72BD /* MAClientsViewModelTests.swift in Sources */,
				38063F8B2A2E90B600BB72BD /* MAClientDetailsViewModelTests.swift in Sources */,
				38063F792A2E8D0C00BB72BD /* MATailoredOrderFlowViewModelTests.swift in Sources */,
				38063F882A2E905D00BB72BD /* MANewClientViewModelTests.swift in Sources */,
				38063F712A2E8AAC00BB72BD /* MAHomeViewModelTests.swift in Sources */,
				38063F822A2E8F6300BB72BD /* MANewPasswordViewModelTests.swift in Sources */,
				38063F622A2E86AB00BB72BD /* MARegisterViewModelTests.swift in Sources */,
				38063F7F2A2E8ECA00BB72BD /* MAProfileViewModelTests.swift in Sources */,
				38063F7C2A2E8DA600BB72BD /* MAOrderListRowViewModelTests.swift in Sources */,
			);
			runOnlyForDeploymentPostprocessing = 0;
		};
/* End PBXSourcesBuildPhase section */

/* Begin PBXTargetDependency section */
		38063F692A2E87B900BB72BD /* PBXTargetDependency */ = {
			isa = PBXTargetDependency;
			productRef = 38063F682A2E87B900BB72BD /* FirebaseAuth */;
		};
		38063F6B2A2E87BD00BB72BD /* PBXTargetDependency */ = {
			isa = PBXTargetDependency;
			productRef = 38063F6A2A2E87BD00BB72BD /* FirebaseFirestore */;
		};
		38D7F7DC29A42ED2009E0A6A /* PBXTargetDependency */ = {
			isa = PBXTargetDependency;
			target = 38D7F7C929A42ED0009E0A6A /* MeuAtelieApp */;
			targetProxy = 38D7F7DB29A42ED2009E0A6A /* PBXContainerItemProxy */;
		};
/* End PBXTargetDependency section */

/* Begin XCBuildConfiguration section */
		38D7F7EC29A42ED2009E0A6A /* Debug */ = {
			isa = XCBuildConfiguration;
			buildSettings = {
				ALWAYS_SEARCH_USER_PATHS = NO;
				CLANG_ANALYZER_NONNULL = YES;
				CLANG_ANALYZER_NUMBER_OBJECT_CONVERSION = YES_AGGRESSIVE;
				CLANG_CXX_LANGUAGE_STANDARD = "gnu++20";
				CLANG_ENABLE_MODULES = YES;
				CLANG_ENABLE_OBJC_ARC = YES;
				CLANG_ENABLE_OBJC_WEAK = YES;
				CLANG_WARN_BLOCK_CAPTURE_AUTORELEASING = YES;
				CLANG_WARN_BOOL_CONVERSION = YES;
				CLANG_WARN_COMMA = YES;
				CLANG_WARN_CONSTANT_CONVERSION = YES;
				CLANG_WARN_DEPRECATED_OBJC_IMPLEMENTATIONS = YES;
				CLANG_WARN_DIRECT_OBJC_ISA_USAGE = YES_ERROR;
				CLANG_WARN_DOCUMENTATION_COMMENTS = YES;
				CLANG_WARN_EMPTY_BODY = YES;
				CLANG_WARN_ENUM_CONVERSION = YES;
				CLANG_WARN_INFINITE_RECURSION = YES;
				CLANG_WARN_INT_CONVERSION = YES;
				CLANG_WARN_NON_LITERAL_NULL_CONVERSION = YES;
				CLANG_WARN_OBJC_IMPLICIT_RETAIN_SELF = YES;
				CLANG_WARN_OBJC_LITERAL_CONVERSION = YES;
				CLANG_WARN_OBJC_ROOT_CLASS = YES_ERROR;
				CLANG_WARN_QUOTED_INCLUDE_IN_FRAMEWORK_HEADER = YES;
				CLANG_WARN_RANGE_LOOP_ANALYSIS = YES;
				CLANG_WARN_STRICT_PROTOTYPES = YES;
				CLANG_WARN_SUSPICIOUS_MOVE = YES;
				CLANG_WARN_UNGUARDED_AVAILABILITY = YES_AGGRESSIVE;
				CLANG_WARN_UNREACHABLE_CODE = YES;
				CLANG_WARN__DUPLICATE_METHOD_MATCH = YES;
				COPY_PHASE_STRIP = NO;
				DEBUG_INFORMATION_FORMAT = dwarf;
				ENABLE_STRICT_OBJC_MSGSEND = YES;
				ENABLE_TESTABILITY = YES;
				ENABLE_USER_SCRIPT_SANDBOXING = YES;
				GCC_C_LANGUAGE_STANDARD = gnu11;
				GCC_DYNAMIC_NO_PIC = NO;
				GCC_NO_COMMON_BLOCKS = YES;
				GCC_OPTIMIZATION_LEVEL = 0;
				GCC_PREPROCESSOR_DEFINITIONS = (
					"DEBUG=1",
					"$(inherited)",
				);
				GCC_WARN_64_TO_32_BIT_CONVERSION = YES;
				GCC_WARN_ABOUT_RETURN_TYPE = YES_ERROR;
				GCC_WARN_UNDECLARED_SELECTOR = YES;
				GCC_WARN_UNINITIALIZED_AUTOS = YES_AGGRESSIVE;
				GCC_WARN_UNUSED_FUNCTION = YES;
				GCC_WARN_UNUSED_VARIABLE = YES;
				IPHONEOS_DEPLOYMENT_TARGET = 16.0;
				MTL_ENABLE_DEBUG_INFO = INCLUDE_SOURCE;
				MTL_FAST_MATH = YES;
				ONLY_ACTIVE_ARCH = YES;
				SDKROOT = iphoneos;
				SWIFT_ACTIVE_COMPILATION_CONDITIONS = DEBUG;
				SWIFT_OPTIMIZATION_LEVEL = "-Onone";
			};
			name = Debug;
		};
		38D7F7ED29A42ED2009E0A6A /* Release */ = {
			isa = XCBuildConfiguration;
			buildSettings = {
				ALWAYS_SEARCH_USER_PATHS = NO;
				CLANG_ANALYZER_NONNULL = YES;
				CLANG_ANALYZER_NUMBER_OBJECT_CONVERSION = YES_AGGRESSIVE;
				CLANG_CXX_LANGUAGE_STANDARD = "gnu++20";
				CLANG_ENABLE_MODULES = YES;
				CLANG_ENABLE_OBJC_ARC = YES;
				CLANG_ENABLE_OBJC_WEAK = YES;
				CLANG_WARN_BLOCK_CAPTURE_AUTORELEASING = YES;
				CLANG_WARN_BOOL_CONVERSION = YES;
				CLANG_WARN_COMMA = YES;
				CLANG_WARN_CONSTANT_CONVERSION = YES;
				CLANG_WARN_DEPRECATED_OBJC_IMPLEMENTATIONS = YES;
				CLANG_WARN_DIRECT_OBJC_ISA_USAGE = YES_ERROR;
				CLANG_WARN_DOCUMENTATION_COMMENTS = YES;
				CLANG_WARN_EMPTY_BODY = YES;
				CLANG_WARN_ENUM_CONVERSION = YES;
				CLANG_WARN_INFINITE_RECURSION = YES;
				CLANG_WARN_INT_CONVERSION = YES;
				CLANG_WARN_NON_LITERAL_NULL_CONVERSION = YES;
				CLANG_WARN_OBJC_IMPLICIT_RETAIN_SELF = YES;
				CLANG_WARN_OBJC_LITERAL_CONVERSION = YES;
				CLANG_WARN_OBJC_ROOT_CLASS = YES_ERROR;
				CLANG_WARN_QUOTED_INCLUDE_IN_FRAMEWORK_HEADER = YES;
				CLANG_WARN_RANGE_LOOP_ANALYSIS = YES;
				CLANG_WARN_STRICT_PROTOTYPES = YES;
				CLANG_WARN_SUSPICIOUS_MOVE = YES;
				CLANG_WARN_UNGUARDED_AVAILABILITY = YES_AGGRESSIVE;
				CLANG_WARN_UNREACHABLE_CODE = YES;
				CLANG_WARN__DUPLICATE_METHOD_MATCH = YES;
				COPY_PHASE_STRIP = NO;
				DEBUG_INFORMATION_FORMAT = "dwarf-with-dsym";
				ENABLE_NS_ASSERTIONS = NO;
				ENABLE_STRICT_OBJC_MSGSEND = YES;
				ENABLE_USER_SCRIPT_SANDBOXING = YES;
				GCC_C_LANGUAGE_STANDARD = gnu11;
				GCC_NO_COMMON_BLOCKS = YES;
				GCC_WARN_64_TO_32_BIT_CONVERSION = YES;
				GCC_WARN_ABOUT_RETURN_TYPE = YES_ERROR;
				GCC_WARN_UNDECLARED_SELECTOR = YES;
				GCC_WARN_UNINITIALIZED_AUTOS = YES_AGGRESSIVE;
				GCC_WARN_UNUSED_FUNCTION = YES;
				GCC_WARN_UNUSED_VARIABLE = YES;
				IPHONEOS_DEPLOYMENT_TARGET = 16.0;
				MTL_ENABLE_DEBUG_INFO = NO;
				MTL_FAST_MATH = YES;
				SDKROOT = iphoneos;
				SWIFT_COMPILATION_MODE = wholemodule;
				SWIFT_OPTIMIZATION_LEVEL = "-O";
				VALIDATE_PRODUCT = YES;
			};
			name = Release;
		};
		38D7F7EF29A42ED2009E0A6A /* Debug */ = {
			isa = XCBuildConfiguration;
			buildSettings = {
				ASSETCATALOG_COMPILER_APPICON_NAME = AppIcon;
				ASSETCATALOG_COMPILER_GLOBAL_ACCENT_COLOR_NAME = AccentColor;
				CODE_SIGN_IDENTITY = "Apple Development";
				CODE_SIGN_STYLE = Automatic;
				CURRENT_PROJECT_VERSION = 1;
				DEVELOPMENT_ASSET_PATHS = "\"MeuAtelieApp/Preview Content\"";
				DEVELOPMENT_TEAM = 3F7B357CTD;
				ENABLE_PREVIEWS = YES;
				GENERATE_INFOPLIST_FILE = YES;
				INFOPLIST_FILE = MeuAtelieApp/Info.plist;
				INFOPLIST_KEY_NSCameraUsageDescription = "Habilite o acesso a camera para tirar foto das suas peças!";
				INFOPLIST_KEY_NSContactsUsageDescription = "Precisamos do acesso aos seus contatos para conseguir importar para o app :)";
				INFOPLIST_KEY_UIApplicationSceneManifest_Generation = YES;
				INFOPLIST_KEY_UIApplicationSupportsIndirectInputEvents = YES;
				INFOPLIST_KEY_UILaunchScreen_Generation = YES;
				INFOPLIST_KEY_UILaunchStoryboardName = MeuAtelieLaunchScreen.storyboard;
				INFOPLIST_KEY_UISupportedInterfaceOrientations = UIInterfaceOrientationPortrait;
				INFOPLIST_KEY_UIUserInterfaceStyle = Light;
				IPHONEOS_DEPLOYMENT_TARGET = 17.0;
				LD_RUNPATH_SEARCH_PATHS = (
					"$(inherited)",
					"@executable_path/Frameworks",
				);
				MARKETING_VERSION = 1.0;
				PRODUCT_BUNDLE_IDENTIFIER = com.anajuliavolpi.MeuAtelieApp;
				PRODUCT_NAME = "$(TARGET_NAME)";
				PROVISIONING_PROFILE_SPECIFIER = "";
				SWIFT_EMIT_LOC_STRINGS = YES;
				SWIFT_VERSION = 5.0;
				TARGETED_DEVICE_FAMILY = "1,2";
			};
			name = Debug;
		};
		38D7F7F029A42ED2009E0A6A /* Release */ = {
			isa = XCBuildConfiguration;
			buildSettings = {
				ASSETCATALOG_COMPILER_APPICON_NAME = AppIcon;
				ASSETCATALOG_COMPILER_GLOBAL_ACCENT_COLOR_NAME = AccentColor;
				CODE_SIGN_IDENTITY = "Apple Development";
				CODE_SIGN_STYLE = Automatic;
				CURRENT_PROJECT_VERSION = 1;
				DEVELOPMENT_ASSET_PATHS = "\"MeuAtelieApp/Preview Content\"";
				DEVELOPMENT_TEAM = 3F7B357CTD;
				ENABLE_PREVIEWS = YES;
				GENERATE_INFOPLIST_FILE = YES;
				INFOPLIST_FILE = MeuAtelieApp/Info.plist;
				INFOPLIST_KEY_NSCameraUsageDescription = "Habilite o acesso a camera para tirar foto das suas peças!";
				INFOPLIST_KEY_NSContactsUsageDescription = "Precisamos do acesso aos seus contatos para conseguir importar para o app :)";
				INFOPLIST_KEY_UIApplicationSceneManifest_Generation = YES;
				INFOPLIST_KEY_UIApplicationSupportsIndirectInputEvents = YES;
				INFOPLIST_KEY_UILaunchScreen_Generation = YES;
				INFOPLIST_KEY_UILaunchStoryboardName = MeuAtelieLaunchScreen.storyboard;
				INFOPLIST_KEY_UISupportedInterfaceOrientations = UIInterfaceOrientationPortrait;
				INFOPLIST_KEY_UIUserInterfaceStyle = Light;
				IPHONEOS_DEPLOYMENT_TARGET = 17.0;
				LD_RUNPATH_SEARCH_PATHS = (
					"$(inherited)",
					"@executable_path/Frameworks",
				);
				MARKETING_VERSION = 1.0;
				PRODUCT_BUNDLE_IDENTIFIER = com.anajuliavolpi.MeuAtelieApp;
				PRODUCT_NAME = "$(TARGET_NAME)";
				PROVISIONING_PROFILE_SPECIFIER = "";
				SWIFT_EMIT_LOC_STRINGS = YES;
				SWIFT_VERSION = 5.0;
				TARGETED_DEVICE_FAMILY = "1,2";
			};
			name = Release;
		};
		38D7F7F229A42ED2009E0A6A /* Debug */ = {
			isa = XCBuildConfiguration;
			buildSettings = {
				ALWAYS_EMBED_SWIFT_STANDARD_LIBRARIES = YES;
				BUNDLE_LOADER = "$(TEST_HOST)";
				CODE_SIGN_STYLE = Automatic;
				CURRENT_PROJECT_VERSION = 1;
				DEVELOPMENT_TEAM = 3F7B357CTD;
				GENERATE_INFOPLIST_FILE = YES;
				IPHONEOS_DEPLOYMENT_TARGET = 16.0;
				MARKETING_VERSION = 1.0;
				PRODUCT_BUNDLE_IDENTIFIER = com.anajuliavolpi.MeuAtelieAppTests;
				PRODUCT_NAME = "$(TARGET_NAME)";
				SWIFT_EMIT_LOC_STRINGS = NO;
				SWIFT_VERSION = 5.0;
				TARGETED_DEVICE_FAMILY = "1,2";
				TEST_HOST = "$(BUILT_PRODUCTS_DIR)/MeuAtelieApp.app/$(BUNDLE_EXECUTABLE_FOLDER_PATH)/MeuAtelieApp";
			};
			name = Debug;
		};
		38D7F7F329A42ED2009E0A6A /* Release */ = {
			isa = XCBuildConfiguration;
			buildSettings = {
				ALWAYS_EMBED_SWIFT_STANDARD_LIBRARIES = YES;
				BUNDLE_LOADER = "$(TEST_HOST)";
				CODE_SIGN_STYLE = Automatic;
				CURRENT_PROJECT_VERSION = 1;
				DEVELOPMENT_TEAM = 3F7B357CTD;
				GENERATE_INFOPLIST_FILE = YES;
				IPHONEOS_DEPLOYMENT_TARGET = 16.0;
				MARKETING_VERSION = 1.0;
				PRODUCT_BUNDLE_IDENTIFIER = com.anajuliavolpi.MeuAtelieAppTests;
				PRODUCT_NAME = "$(TARGET_NAME)";
				SWIFT_EMIT_LOC_STRINGS = NO;
				SWIFT_VERSION = 5.0;
				TARGETED_DEVICE_FAMILY = "1,2";
				TEST_HOST = "$(BUILT_PRODUCTS_DIR)/MeuAtelieApp.app/$(BUNDLE_EXECUTABLE_FOLDER_PATH)/MeuAtelieApp";
			};
			name = Release;
		};
/* End XCBuildConfiguration section */

/* Begin XCConfigurationList section */
		38D7F7C529A42ED0009E0A6A /* Build configuration list for PBXProject "MeuAtelieApp" */ = {
			isa = XCConfigurationList;
			buildConfigurations = (
				38D7F7EC29A42ED2009E0A6A /* Debug */,
				38D7F7ED29A42ED2009E0A6A /* Release */,
			);
			defaultConfigurationIsVisible = 0;
			defaultConfigurationName = Release;
		};
		38D7F7EE29A42ED2009E0A6A /* Build configuration list for PBXNativeTarget "MeuAtelieApp" */ = {
			isa = XCConfigurationList;
			buildConfigurations = (
				38D7F7EF29A42ED2009E0A6A /* Debug */,
				38D7F7F029A42ED2009E0A6A /* Release */,
			);
			defaultConfigurationIsVisible = 0;
			defaultConfigurationName = Release;
		};
		38D7F7F129A42ED2009E0A6A /* Build configuration list for PBXNativeTarget "MeuAtelieAppTests" */ = {
			isa = XCConfigurationList;
			buildConfigurations = (
				38D7F7F229A42ED2009E0A6A /* Debug */,
				38D7F7F329A42ED2009E0A6A /* Release */,
			);
			defaultConfigurationIsVisible = 0;
			defaultConfigurationName = Release;
		};
/* End XCConfigurationList section */

/* Begin XCRemoteSwiftPackageReference section */
		3822E4AE29DB4A7200FE8348 /* XCRemoteSwiftPackageReference "firebase-ios-sdk" */ = {
			isa = XCRemoteSwiftPackageReference;
			repositoryURL = "https://github.com/firebase/firebase-ios-sdk";
			requirement = {
				kind = versionRange;
				maximumVersion = 11.0.0;
				minimumVersion = 10.0.0;
			};
		};
/* End XCRemoteSwiftPackageReference section */

/* Begin XCSwiftPackageProductDependency section */
		38063F642A2E878200BB72BD /* FirebaseAuth */ = {
			isa = XCSwiftPackageProductDependency;
			package = 3822E4AE29DB4A7200FE8348 /* XCRemoteSwiftPackageReference "firebase-ios-sdk" */;
			productName = FirebaseAuth;
		};
		38063F662A2E878B00BB72BD /* FirebaseFirestore */ = {
			isa = XCSwiftPackageProductDependency;
			package = 3822E4AE29DB4A7200FE8348 /* XCRemoteSwiftPackageReference "firebase-ios-sdk" */;
			productName = FirebaseFirestore;
		};
		38063F682A2E87B900BB72BD /* FirebaseAuth */ = {
			isa = XCSwiftPackageProductDependency;
			package = 3822E4AE29DB4A7200FE8348 /* XCRemoteSwiftPackageReference "firebase-ios-sdk" */;
			productName = FirebaseAuth;
		};
		38063F6A2A2E87BD00BB72BD /* FirebaseFirestore */ = {
			isa = XCSwiftPackageProductDependency;
			package = 3822E4AE29DB4A7200FE8348 /* XCRemoteSwiftPackageReference "firebase-ios-sdk" */;
			productName = FirebaseFirestore;
		};
		3822E4AF29DB4A7200FE8348 /* FirebaseAuth */ = {
			isa = XCSwiftPackageProductDependency;
			package = 3822E4AE29DB4A7200FE8348 /* XCRemoteSwiftPackageReference "firebase-ios-sdk" */;
			productName = FirebaseAuth;
		};
		3822E4B129DB4A7200FE8348 /* FirebaseFirestore */ = {
			isa = XCSwiftPackageProductDependency;
			package = 3822E4AE29DB4A7200FE8348 /* XCRemoteSwiftPackageReference "firebase-ios-sdk" */;
			productName = FirebaseFirestore;
		};
/* End XCSwiftPackageProductDependency section */
	};
	rootObject = 38D7F7C229A42ED0009E0A6A /* Project object */;
}
